// !$*UTF8*$!
{
	archiveVersion = 1;
	classes = {
	};
	objectVersion = 50;
	objects = {

/* Begin PBXBuildFile section */
		8172547F20B8C24A007D91BF /* AppDelegate.swift in Sources */ = {isa = PBXBuildFile; fileRef = 8172547E20B8C24A007D91BF /* AppDelegate.swift */; };
		8172548120B8C24A007D91BF /* ViewController.swift in Sources */ = {isa = PBXBuildFile; fileRef = 8172548020B8C24A007D91BF /* ViewController.swift */; };
		8172548420B8C24A007D91BF /* Main.storyboard in Resources */ = {isa = PBXBuildFile; fileRef = 8172548220B8C24A007D91BF /* Main.storyboard */; };
		8172548620B8C24C007D91BF /* Assets.xcassets in Resources */ = {isa = PBXBuildFile; fileRef = 8172548520B8C24C007D91BF /* Assets.xcassets */; };
		8172548920B8C24C007D91BF /* LaunchScreen.storyboard in Resources */ = {isa = PBXBuildFile; fileRef = 8172548720B8C24C007D91BF /* LaunchScreen.storyboard */; };
		8172549420B8C24C007D91BF /* GeoAppTests.swift in Sources */ = {isa = PBXBuildFile; fileRef = 8172549320B8C24C007D91BF /* GeoAppTests.swift */; };
		8172549F20B8C24C007D91BF /* GeoAppUITests.swift in Sources */ = {isa = PBXBuildFile; fileRef = 8172549E20B8C24C007D91BF /* GeoAppUITests.swift */; };
/* End PBXBuildFile section */

/* Begin PBXContainerItemProxy section */
		8172549020B8C24C007D91BF /* PBXContainerItemProxy */ = {
			isa = PBXContainerItemProxy;
			containerPortal = 8172547320B8C24A007D91BF /* Project object */;
			proxyType = 1;
			remoteGlobalIDString = 8172547A20B8C24A007D91BF;
			remoteInfo = GeoApp;
		};
		8172549B20B8C24C007D91BF /* PBXContainerItemProxy */ = {
			isa = PBXContainerItemProxy;
			containerPortal = 8172547320B8C24A007D91BF /* Project object */;
			proxyType = 1;
			remoteGlobalIDString = 8172547A20B8C24A007D91BF;
			remoteInfo = GeoApp;
		};
/* End PBXContainerItemProxy section */

/* Begin PBXFileReference section */
		8172547B20B8C24A007D91BF /* GeoApp.app */ = {isa = PBXFileReference; explicitFileType = wrapper.application; includeInIndex = 0; path = GeoApp.app; sourceTree = BUILT_PRODUCTS_DIR; };
		8172547E20B8C24A007D91BF /* AppDelegate.swift */ = {isa = PBXFileReference; lastKnownFileType = sourcecode.swift; path = AppDelegate.swift; sourceTree = "<group>"; };
		8172548020B8C24A007D91BF /* ViewController.swift */ = {isa = PBXFileReference; lastKnownFileType = sourcecode.swift; path = ViewController.swift; sourceTree = "<group>"; };
		8172548320B8C24A007D91BF /* Base */ = {isa = PBXFileReference; lastKnownFileType = file.storyboard; name = Base; path = Base.lproj/Main.storyboard; sourceTree = "<group>"; };
		8172548520B8C24C007D91BF /* Assets.xcassets */ = {isa = PBXFileReference; lastKnownFileType = folder.assetcatalog; path = Assets.xcassets; sourceTree = "<group>"; };
		8172548820B8C24C007D91BF /* Base */ = {isa = PBXFileReference; lastKnownFileType = file.storyboard; name = Base; path = Base.lproj/LaunchScreen.storyboard; sourceTree = "<group>"; };
		8172548A20B8C24C007D91BF /* Info.plist */ = {isa = PBXFileReference; lastKnownFileType = text.plist.xml; path = Info.plist; sourceTree = "<group>"; };
		8172548F20B8C24C007D91BF /* GeoAppTests.xctest */ = {isa = PBXFileReference; explicitFileType = wrapper.cfbundle; includeInIndex = 0; path = GeoAppTests.xctest; sourceTree = BUILT_PRODUCTS_DIR; };
		8172549320B8C24C007D91BF /* GeoAppTests.swift */ = {isa = PBXFileReference; lastKnownFileType = sourcecode.swift; path = GeoAppTests.swift; sourceTree = "<group>"; };
		8172549520B8C24C007D91BF /* Info.plist */ = {isa = PBXFileReference; lastKnownFileType = text.plist.xml; path = Info.plist; sourceTree = "<group>"; };
		8172549A20B8C24C007D91BF /* GeoAppUITests.xctest */ = {isa = PBXFileReference; explicitFileType = wrapper.cfbundle; includeInIndex = 0; path = GeoAppUITests.xctest; sourceTree = BUILT_PRODUCTS_DIR; };
		8172549E20B8C24C007D91BF /* GeoAppUITests.swift */ = {isa = PBXFileReference; lastKnownFileType = sourcecode.swift; path = GeoAppUITests.swift; sourceTree = "<group>"; };
		817254A020B8C24C007D91BF /* Info.plist */ = {isa = PBXFileReference; lastKnownFileType = text.plist.xml; path = Info.plist; sourceTree = "<group>"; };
/* End PBXFileReference section */

/* Begin PBXFrameworksBuildPhase section */
		8172547820B8C24A007D91BF /* Frameworks */ = {
			isa = PBXFrameworksBuildPhase;
			buildActionMask = 2147483647;
			files = (
			);
			runOnlyForDeploymentPostprocessing = 0;
		};
		8172548C20B8C24C007D91BF /* Frameworks */ = {
			isa = PBXFrameworksBuildPhase;
			buildActionMask = 2147483647;
			files = (
			);
			runOnlyForDeploymentPostprocessing = 0;
		};
		8172549720B8C24C007D91BF /* Frameworks */ = {
			isa = PBXFrameworksBuildPhase;
			buildActionMask = 2147483647;
			files = (
			);
			runOnlyForDeploymentPostprocessing = 0;
		};
/* End PBXFrameworksBuildPhase section */

/* Begin PBXGroup section */
		8172547220B8C24A007D91BF = {
			isa = PBXGroup;
			children = (
				8172547D20B8C24A007D91BF /* GeoApp */,
				8172549220B8C24C007D91BF /* GeoAppTests */,
				8172549D20B8C24C007D91BF /* GeoAppUITests */,
				8172547C20B8C24A007D91BF /* Products */,
			);
			sourceTree = "<group>";
		};
		8172547C20B8C24A007D91BF /* Products */ = {
			isa = PBXGroup;
			children = (
				8172547B20B8C24A007D91BF /* GeoApp.app */,
				8172548F20B8C24C007D91BF /* GeoAppTests.xctest */,
				8172549A20B8C24C007D91BF /* GeoAppUITests.xctest */,
			);
			name = Products;
			sourceTree = "<group>";
		};
		8172547D20B8C24A007D91BF /* GeoApp */ = {
			isa = PBXGroup;
			children = (
				8172547E20B8C24A007D91BF /* AppDelegate.swift */,
				8172548020B8C24A007D91BF /* ViewController.swift */,
				8172548220B8C24A007D91BF /* Main.storyboard */,
				8172548520B8C24C007D91BF /* Assets.xcassets */,
				8172548720B8C24C007D91BF /* LaunchScreen.storyboard */,
				8172548A20B8C24C007D91BF /* Info.plist */,
			);
			path = GeoApp;
			sourceTree = "<group>";
		};
		8172549220B8C24C007D91BF /* GeoAppTests */ = {
			isa = PBXGroup;
			children = (
				8172549320B8C24C007D91BF /* GeoAppTests.swift */,
				8172549520B8C24C007D91BF /* Info.plist */,
			);
			path = GeoAppTests;
			sourceTree = "<group>";
		};
		8172549D20B8C24C007D91BF /* GeoAppUITests */ = {
			isa = PBXGroup;
			children = (
				8172549E20B8C24C007D91BF /* GeoAppUITests.swift */,
				817254A020B8C24C007D91BF /* Info.plist */,
			);
			path = GeoAppUITests;
			sourceTree = "<group>";
		};
/* End PBXGroup section */

/* Begin PBXNativeTarget section */
		8172547A20B8C24A007D91BF /* GeoApp */ = {
			isa = PBXNativeTarget;
			buildConfigurationList = 817254A320B8C24C007D91BF /* Build configuration list for PBXNativeTarget "GeoApp" */;
			buildPhases = (
				8172547720B8C24A007D91BF /* Sources */,
				8172547820B8C24A007D91BF /* Frameworks */,
				8172547920B8C24A007D91BF /* Resources */,
			);
			buildRules = (
			);
			dependencies = (
			);
			name = GeoApp;
			productName = GeoApp;
			productReference = 8172547B20B8C24A007D91BF /* GeoApp.app */;
			productType = "com.apple.product-type.application";
		};
		8172548E20B8C24C007D91BF /* GeoAppTests */ = {
			isa = PBXNativeTarget;
			buildConfigurationList = 817254A620B8C24C007D91BF /* Build configuration list for PBXNativeTarget "GeoAppTests" */;
			buildPhases = (
				8172548B20B8C24C007D91BF /* Sources */,
				8172548C20B8C24C007D91BF /* Frameworks */,
				8172548D20B8C24C007D91BF /* Resources */,
			);
			buildRules = (
			);
			dependencies = (
				8172549120B8C24C007D91BF /* PBXTargetDependency */,
			);
			name = GeoAppTests;
			productName = GeoAppTests;
			productReference = 8172548F20B8C24C007D91BF /* GeoAppTests.xctest */;
			productType = "com.apple.product-type.bundle.unit-test";
		};
		8172549920B8C24C007D91BF /* GeoAppUITests */ = {
			isa = PBXNativeTarget;
			buildConfigurationList = 817254A920B8C24C007D91BF /* Build configuration list for PBXNativeTarget "GeoAppUITests" */;
			buildPhases = (
				8172549620B8C24C007D91BF /* Sources */,
				8172549720B8C24C007D91BF /* Frameworks */,
				8172549820B8C24C007D91BF /* Resources */,
			);
			buildRules = (
			);
			dependencies = (
				8172549C20B8C24C007D91BF /* PBXTargetDependency */,
			);
			name = GeoAppUITests;
			productName = GeoAppUITests;
			productReference = 8172549A20B8C24C007D91BF /* GeoAppUITests.xctest */;
			productType = "com.apple.product-type.bundle.ui-testing";
		};
/* End PBXNativeTarget section */

/* Begin PBXProject section */
		8172547320B8C24A007D91BF /* Project object */ = {
			isa = PBXProject;
			attributes = {
				LastSwiftUpdateCheck = 0930;
				LastUpgradeCheck = 0930;
				ORGANIZATIONNAME = "Adrian Rojas Zarza";
				TargetAttributes = {
					8172547A20B8C24A007D91BF = {
						CreatedOnToolsVersion = 9.3.1;
					};
					8172548E20B8C24C007D91BF = {
						CreatedOnToolsVersion = 9.3.1;
						TestTargetID = 8172547A20B8C24A007D91BF;
					};
					8172549920B8C24C007D91BF = {
						CreatedOnToolsVersion = 9.3.1;
						TestTargetID = 8172547A20B8C24A007D91BF;
					};
				};
			};
			buildConfigurationList = 8172547620B8C24A007D91BF /* Build configuration list for PBXProject "GeoApp" */;
			compatibilityVersion = "Xcode 9.3";
			developmentRegion = en;
			hasScannedForEncodings = 0;
			knownRegions = (
				en,
				Base,
			);
			mainGroup = 8172547220B8C24A007D91BF;
			productRefGroup = 8172547C20B8C24A007D91BF /* Products */;
			projectDirPath = "";
			projectRoot = "";
			targets = (
				8172547A20B8C24A007D91BF /* GeoApp */,
				8172548E20B8C24C007D91BF /* GeoAppTests */,
				8172549920B8C24C007D91BF /* GeoAppUITests */,
			);
		};
/* End PBXProject section */

/* Begin PBXResourcesBuildPhase section */
		8172547920B8C24A007D91BF /* Resources */ = {
			isa = PBXResourcesBuildPhase;
			buildActionMask = 2147483647;
			files = (
				8172548920B8C24C007D91BF /* LaunchScreen.storyboard in Resources */,
				8172548620B8C24C007D91BF /* Assets.xcassets in Resources */,
				8172548420B8C24A007D91BF /* Main.storyboard in Resources */,
			);
			runOnlyForDeploymentPostprocessing = 0;
		};
		8172548D20B8C24C007D91BF /* Resources */ = {
			isa = PBXResourcesBuildPhase;
			buildActionMask = 2147483647;
			files = (
			);
			runOnlyForDeploymentPostprocessing = 0;
		};
		8172549820B8C24C007D91BF /* Resources */ = {
			isa = PBXResourcesBuildPhase;
			buildActionMask = 2147483647;
			files = (
			);
			runOnlyForDeploymentPostprocessing = 0;
		};
/* End PBXResourcesBuildPhase section */

/* Begin PBXSourcesBuildPhase section */
		8172547720B8C24A007D91BF /* Sources */ = {
			isa = PBXSourcesBuildPhase;
			buildActionMask = 2147483647;
			files = (
				8172548120B8C24A007D91BF /* ViewController.swift in Sources */,
				8172547F20B8C24A007D91BF /* AppDelegate.swift in Sources */,
			);
			runOnlyForDeploymentPostprocessing = 0;
		};
		8172548B20B8C24C007D91BF /* Sources */ = {
			isa = PBXSourcesBuildPhase;
			buildActionMask = 2147483647;
			files = (
				8172549420B8C24C007D91BF /* GeoAppTests.swift in Sources */,
			);
			runOnlyForDeploymentPostprocessing = 0;
		};
		8172549620B8C24C007D91BF /* Sources */ = {
			isa = PBXSourcesBuildPhase;
			buildActionMask = 2147483647;
			files = (
				8172549F20B8C24C007D91BF /* GeoAppUITests.swift in Sources */,
			);
			runOnlyForDeploymentPostprocessing = 0;
		};
/* End PBXSourcesBuildPhase section */

/* Begin PBXTargetDependency section */
		8172549120B8C24C007D91BF /* PBXTargetDependency */ = {
			isa = PBXTargetDependency;
			target = 8172547A20B8C24A007D91BF /* GeoApp */;
			targetProxy = 8172549020B8C24C007D91BF /* PBXContainerItemProxy */;
		};
		8172549C20B8C24C007D91BF /* PBXTargetDependency */ = {
			isa = PBXTargetDependency;
			target = 8172547A20B8C24A007D91BF /* GeoApp */;
			targetProxy = 8172549B20B8C24C007D91BF /* PBXContainerItemProxy */;
		};
/* End PBXTargetDependency section */

/* Begin PBXVariantGroup section */
		8172548220B8C24A007D91BF /* Main.storyboard */ = {
			isa = PBXVariantGroup;
			children = (
				8172548320B8C24A007D91BF /* Base */,
			);
			name = Main.storyboard;
			sourceTree = "<group>";
		};
		8172548720B8C24C007D91BF /* LaunchScreen.storyboard */ = {
			isa = PBXVariantGroup;
			children = (
				8172548820B8C24C007D91BF /* Base */,
			);
			name = LaunchScreen.storyboard;
			sourceTree = "<group>";
		};
/* End PBXVariantGroup section */

/* Begin XCBuildConfiguration section */
		817254A120B8C24C007D91BF /* Debug */ = {
			isa = XCBuildConfiguration;
			buildSettings = {
				ALWAYS_SEARCH_USER_PATHS = NO;
				CLANG_ANALYZER_NONNULL = YES;
				CLANG_ANALYZER_NUMBER_OBJECT_CONVERSION = YES_AGGRESSIVE;
				CLANG_CXX_LANGUAGE_STANDARD = "gnu++14";
				CLANG_CXX_LIBRARY = "libc++";
				CLANG_ENABLE_MODULES = YES;
				CLANG_ENABLE_OBJC_ARC = YES;
				CLANG_ENABLE_OBJC_WEAK = YES;
				CLANG_WARN_BLOCK_CAPTURE_AUTORELEASING = YES;
				CLANG_WARN_BOOL_CONVERSION = YES;
				CLANG_WARN_COMMA = YES;
				CLANG_WARN_CONSTANT_CONVERSION = YES;
				CLANG_WARN_DEPRECATED_OBJC_IMPLEMENTATIONS = YES;
				CLANG_WARN_DIRECT_OBJC_ISA_USAGE = YES_ERROR;
				CLANG_WARN_DOCUMENTATION_COMMENTS = YES;
				CLANG_WARN_EMPTY_BODY = YES;
				CLANG_WARN_ENUM_CONVERSION = YES;
				CLANG_WARN_INFINITE_RECURSION = YES;
				CLANG_WARN_INT_CONVERSION = YES;
				CLANG_WARN_NON_LITERAL_NULL_CONVERSION = YES;
				CLANG_WARN_OBJC_IMPLICIT_RETAIN_SELF = YES;
				CLANG_WARN_OBJC_LITERAL_CONVERSION = YES;
				CLANG_WARN_OBJC_ROOT_CLASS = YES_ERROR;
				CLANG_WARN_RANGE_LOOP_ANALYSIS = YES;
				CLANG_WARN_STRICT_PROTOTYPES = YES;
				CLANG_WARN_SUSPICIOUS_MOVE = YES;
				CLANG_WARN_UNGUARDED_AVAILABILITY = YES_AGGRESSIVE;
				CLANG_WARN_UNREACHABLE_CODE = YES;
				CLANG_WARN__DUPLICATE_METHOD_MATCH = YES;
				CODE_SIGN_IDENTITY = "iPhone Developer";
				COPY_PHASE_STRIP = NO;
				DEBUG_INFORMATION_FORMAT = dwarf;
				ENABLE_STRICT_OBJC_MSGSEND = YES;
				ENABLE_TESTABILITY = YES;
				GCC_C_LANGUAGE_STANDARD = gnu11;
				GCC_DYNAMIC_NO_PIC = NO;
				GCC_NO_COMMON_BLOCKS = YES;
				GCC_OPTIMIZATION_LEVEL = 0;
				GCC_PREPROCESSOR_DEFINITIONS = (
					"DEBUG=1",
					"$(inherited)",
				);
				GCC_WARN_64_TO_32_BIT_CONVERSION = YES;
				GCC_WARN_ABOUT_RETURN_TYPE = YES_ERROR;
				GCC_WARN_UNDECLARED_SELECTOR = YES;
				GCC_WARN_UNINITIALIZED_AUTOS = YES_AGGRESSIVE;
				GCC_WARN_UNUSED_FUNCTION = YES;
				GCC_WARN_UNUSED_VARIABLE = YES;
				IPHONEOS_DEPLOYMENT_TARGET = 11.3;
				MTL_ENABLE_DEBUG_INFO = YES;
				ONLY_ACTIVE_ARCH = YES;
				SDKROOT = iphoneos;
				SWIFT_ACTIVE_COMPILATION_CONDITIONS = DEBUG;
				SWIFT_OPTIMIZATION_LEVEL = "-Onone";
			};
			name = Debug;
		};
		817254A220B8C24C007D91BF /* Release */ = {
			isa = XCBuildConfiguration;
			buildSettings = {
				ALWAYS_SEARCH_USER_PATHS = NO;
				CLANG_ANALYZER_NONNULL = YES;
				CLANG_ANALYZER_NUMBER_OBJECT_CONVERSION = YES_AGGRESSIVE;
				CLANG_CXX_LANGUAGE_STANDARD = "gnu++14";
				CLANG_CXX_LIBRARY = "libc++";
				CLANG_ENABLE_MODULES = YES;
				CLANG_ENABLE_OBJC_ARC = YES;
				CLANG_ENABLE_OBJC_WEAK = YES;
				CLANG_WARN_BLOCK_CAPTURE_AUTORELEASING = YES;
				CLANG_WARN_BOOL_CONVERSION = YES;
				CLANG_WARN_COMMA = YES;
				CLANG_WARN_CONSTANT_CONVERSION = YES;
				CLANG_WARN_DEPRECATED_OBJC_IMPLEMENTATIONS = YES;
				CLANG_WARN_DIRECT_OBJC_ISA_USAGE = YES_ERROR;
				CLANG_WARN_DOCUMENTATION_COMMENTS = YES;
				CLANG_WARN_EMPTY_BODY = YES;
				CLANG_WARN_ENUM_CONVERSION = YES;
				CLANG_WARN_INFINITE_RECURSION = YES;
				CLANG_WARN_INT_CONVERSION = YES;
				CLANG_WARN_NON_LITERAL_NULL_CONVERSION = YES;
				CLANG_WARN_OBJC_IMPLICIT_RETAIN_SELF = YES;
				CLANG_WARN_OBJC_LITERAL_CONVERSION = YES;
				CLANG_WARN_OBJC_ROOT_CLASS = YES_ERROR;
				CLANG_WARN_RANGE_LOOP_ANALYSIS = YES;
				CLANG_WARN_STRICT_PROTOTYPES = YES;
				CLANG_WARN_SUSPICIOUS_MOVE = YES;
				CLANG_WARN_UNGUARDED_AVAILABILITY = YES_AGGRESSIVE;
				CLANG_WARN_UNREACHABLE_CODE = YES;
				CLANG_WARN__DUPLICATE_METHOD_MATCH = YES;
				CODE_SIGN_IDENTITY = "iPhone Developer";
				COPY_PHASE_STRIP = NO;
				DEBUG_INFORMATION_FORMAT = "dwarf-with-dsym";
				ENABLE_NS_ASSERTIONS = NO;
				ENABLE_STRICT_OBJC_MSGSEND = YES;
				GCC_C_LANGUAGE_STANDARD = gnu11;
				GCC_NO_COMMON_BLOCKS = YES;
				GCC_WARN_64_TO_32_BIT_CONVERSION = YES;
				GCC_WARN_ABOUT_RETURN_TYPE = YES_ERROR;
				GCC_WARN_UNDECLARED_SELECTOR = YES;
				GCC_WARN_UNINITIALIZED_AUTOS = YES_AGGRESSIVE;
				GCC_WARN_UNUSED_FUNCTION = YES;
				GCC_WARN_UNUSED_VARIABLE = YES;
				IPHONEOS_DEPLOYMENT_TARGET = 11.3;
				MTL_ENABLE_DEBUG_INFO = NO;
				SDKROOT = iphoneos;
				SWIFT_COMPILATION_MODE = wholemodule;
				SWIFT_OPTIMIZATION_LEVEL = "-O";
				VALIDATE_PRODUCT = YES;
			};
			name = Release;
		};
		817254A420B8C24C007D91BF /* Debug */ = {
			isa = XCBuildConfiguration;
			buildSettings = {
				ASSETCATALOG_COMPILER_APPICON_NAME = AppIcon;
				CODE_SIGN_STYLE = Automatic;
				INFOPLIST_FILE = GeoApp/Info.plist;
				LD_RUNPATH_SEARCH_PATHS = (
					"$(inherited)",
					"@executable_path/Frameworks",
				);
				PRODUCT_BUNDLE_IDENTIFIER = com.ioslab.GeoApp;
				PRODUCT_NAME = "$(TARGET_NAME)";
				SWIFT_VERSION = 4.0;
				TARGETED_DEVICE_FAMILY = "1,2";
			};
			name = Debug;
		};
		817254A520B8C24C007D91BF /* Release */ = {
			isa = XCBuildConfiguration;
			buildSettings = {
				ASSETCATALOG_COMPILER_APPICON_NAME = AppIcon;
				CODE_SIGN_STYLE = Automatic;
				INFOPLIST_FILE = GeoApp/Info.plist;
				LD_RUNPATH_SEARCH_PATHS = (
					"$(inherited)",
					"@executable_path/Frameworks",
				);
				PRODUCT_BUNDLE_IDENTIFIER = com.ioslab.GeoApp;
				PRODUCT_NAME = "$(TARGET_NAME)";
				SWIFT_VERSION = 4.0;
				TARGETED_DEVICE_FAMILY = "1,2";
			};
			name = Release;
		};
		817254A720B8C24C007D91BF /* Debug */ = {
			isa = XCBuildConfiguration;
			buildSettings = {
				ALWAYS_EMBED_SWIFT_STANDARD_LIBRARIES = YES;
				BUNDLE_LOADER = "$(TEST_HOST)";
				CODE_SIGN_STYLE = Automatic;
				INFOPLIST_FILE = GeoAppTests/Info.plist;
				LD_RUNPATH_SEARCH_PATHS = (
					"$(inherited)",
					"@executable_path/Frameworks",
					"@loader_path/Frameworks",
				);
				PRODUCT_BUNDLE_IDENTIFIER = com.ioslab.GeoAppTests;
				PRODUCT_NAME = "$(TARGET_NAME)";
				SWIFT_VERSION = 4.0;
				TARGETED_DEVICE_FAMILY = "1,2";
				TEST_HOST = "$(BUILT_PRODUCTS_DIR)/GeoApp.app/GeoApp";
			};
			name = Debug;
		};
		817254A820B8C24C007D91BF /* Release */ = {
			isa = XCBuildConfiguration;
			buildSettings = {
				ALWAYS_EMBED_SWIFT_STANDARD_LIBRARIES = YES;
				BUNDLE_LOADER = "$(TEST_HOST)";
				CODE_SIGN_STYLE = Automatic;
				INFOPLIST_FILE = GeoAppTests/Info.plist;
				LD_RUNPATH_SEARCH_PATHS = (
					"$(inherited)",
					"@executable_path/Frameworks",
					"@loader_path/Frameworks",
				);
				PRODUCT_BUNDLE_IDENTIFIER = com.ioslab.GeoAppTests;
				PRODUCT_NAME = "$(TARGET_NAME)";
				SWIFT_VERSION = 4.0;
				TARGETED_DEVICE_FAMILY = "1,2";
				TEST_HOST = "$(BUILT_PRODUCTS_DIR)/GeoApp.app/GeoApp";
			};
			name = Release;
		};
		817254AA20B8C24C007D91BF /* Debug */ = {
			isa = XCBuildConfiguration;
			buildSettings = {
				ALWAYS_EMBED_SWIFT_STANDARD_LIBRARIES = YES;
				CODE_SIGN_STYLE = Automatic;
				INFOPLIST_FILE = GeoAppUITests/Info.plist;
				LD_RUNPATH_SEARCH_PATHS = (
					"$(inherited)",
					"@executable_path/Frameworks",
					"@loader_path/Frameworks",
				);
				PRODUCT_BUNDLE_IDENTIFIER = com.ioslab.GeoAppUITests;
				PRODUCT_NAME = "$(TARGET_NAME)";
				SWIFT_VERSION = 4.0;
				TARGETED_DEVICE_FAMILY = "1,2";
				TEST_TARGET_NAME = GeoApp;
			};
			name = Debug;
		};
		817254AB20B8C24C007D91BF /* Release */ = {
			isa = XCBuildConfiguration;
			buildSettings = {
				ALWAYS_EMBED_SWIFT_STANDARD_LIBRARIES = YES;
				CODE_SIGN_STYLE = Automatic;
				INFOPLIST_FILE = GeoAppUITests/Info.plist;
				LD_RUNPATH_SEARCH_PATHS = (
					"$(inherited)",
					"@executable_path/Frameworks",
					"@loader_path/Frameworks",
				);
				PRODUCT_BUNDLE_IDENTIFIER = com.ioslab.GeoAppUITests;
				PRODUCT_NAME = "$(TARGET_NAME)";
				SWIFT_VERSION = 4.0;
				TARGETED_DEVICE_FAMILY = "1,2";
				TEST_TARGET_NAME = GeoApp;
			};
			name = Release;
		};
/* End XCBuildConfiguration section */

/* Begin XCConfigurationList section */
		8172547620B8C24A007D91BF /* Build configuration list for PBXProject "GeoApp" */ = {
			isa = XCConfigurationList;
			buildConfigurations = (
				817254A120B8C24C007D91BF /* Debug */,
				817254A220B8C24C007D91BF /* Release */,
			);
			defaultConfigurationIsVisible = 0;
			defaultConfigurationName = Release;
		};
		817254A320B8C24C007D91BF /* Build configuration list for PBXNativeTarget "GeoApp" */ = {
			isa = XCConfigurationList;
			buildConfigurations = (
				817254A420B8C24C007D91BF /* Debug */,
				817254A520B8C24C007D91BF /* Release */,
			);
			defaultConfigurationIsVisible = 0;
			defaultConfigurationName = Release;
		};
		817254A620B8C24C007D91BF /* Build configuration list for PBXNativeTarget "GeoAppTests" */ = {
			isa = XCConfigurationList;
			buildConfigurations = (
				817254A720B8C24C007D91BF /* Debug */,
				817254A820B8C24C007D91BF /* Release */,
			);
			defaultConfigurationIsVisible = 0;
			defaultConfigurationName = Release;
		};
		817254A920B8C24C007D91BF /* Build configuration list for PBXNativeTarget "GeoAppUITests" */ = {
			isa = XCConfigurationList;
			buildConfigurations = (
				817254AA20B8C24C007D91BF /* Debug */,
				817254AB20B8C24C007D91BF /* Release */,
			);
			defaultConfigurationIsVisible = 0;
			defaultConfigurationName = Release;
		};
/* End XCConfigurationList section */
	};
	rootObject = 8172547320B8C24A007D91BF /* Project object */;
}
