// !$*UTF8*$!
{
	archiveVersion = 1;
	classes = {
	};
	objectVersion = 48;
	objects = {

/* Begin PBXBuildFile section */
		816663A42078504700B39AC9 /* AppDelegate.swift in Sources */ = {isa = PBXBuildFile; fileRef = 816663A32078504700B39AC9 /* AppDelegate.swift */; };
		816663A62078504700B39AC9 /* MasterViewController.swift in Sources */ = {isa = PBXBuildFile; fileRef = 816663A52078504700B39AC9 /* MasterViewController.swift */; };
		816663A82078504700B39AC9 /* DetailViewController.swift in Sources */ = {isa = PBXBuildFile; fileRef = 816663A72078504700B39AC9 /* DetailViewController.swift */; };
		816663AB2078504700B39AC9 /* Main.storyboard in Resources */ = {isa = PBXBuildFile; fileRef = 816663A92078504700B39AC9 /* Main.storyboard */; };
		816663AD2078504700B39AC9 /* Assets.xcassets in Resources */ = {isa = PBXBuildFile; fileRef = 816663AC2078504700B39AC9 /* Assets.xcassets */; };
		816663B02078504700B39AC9 /* LaunchScreen.storyboard in Resources */ = {isa = PBXBuildFile; fileRef = 816663AE2078504700B39AC9 /* LaunchScreen.storyboard */; };
		816663BB2078504700B39AC9 /* PlasticFishesTests.swift in Sources */ = {isa = PBXBuildFile; fileRef = 816663BA2078504700B39AC9 /* PlasticFishesTests.swift */; };
		816663C62078504700B39AC9 /* PlasticFishesUITests.swift in Sources */ = {isa = PBXBuildFile; fileRef = 816663C52078504700B39AC9 /* PlasticFishesUITests.swift */; };
		816663D6207850C300B39AC9 /* Fish.swift in Sources */ = {isa = PBXBuildFile; fileRef = 816663D5207850C300B39AC9 /* Fish.swift */; };
		816663D82078517900B39AC9 /* FishService.swift in Sources */ = {isa = PBXBuildFile; fileRef = 816663D72078517900B39AC9 /* FishService.swift */; };
/* End PBXBuildFile section */

/* Begin PBXContainerItemProxy section */
		816663B72078504700B39AC9 /* PBXContainerItemProxy */ = {
			isa = PBXContainerItemProxy;
			containerPortal = 816663982078504700B39AC9 /* Project object */;
			proxyType = 1;
			remoteGlobalIDString = 8166639F2078504700B39AC9;
			remoteInfo = PlasticFishes;
		};
		816663C22078504700B39AC9 /* PBXContainerItemProxy */ = {
			isa = PBXContainerItemProxy;
			containerPortal = 816663982078504700B39AC9 /* Project object */;
			proxyType = 1;
			remoteGlobalIDString = 8166639F2078504700B39AC9;
			remoteInfo = PlasticFishes;
		};
/* End PBXContainerItemProxy section */

/* Begin PBXFileReference section */
		816663A02078504700B39AC9 /* PlasticFishes.app */ = {isa = PBXFileReference; explicitFileType = wrapper.application; includeInIndex = 0; path = PlasticFishes.app; sourceTree = BUILT_PRODUCTS_DIR; };
		816663A32078504700B39AC9 /* AppDelegate.swift */ = {isa = PBXFileReference; lastKnownFileType = sourcecode.swift; path = AppDelegate.swift; sourceTree = "<group>"; };
		816663A52078504700B39AC9 /* MasterViewController.swift */ = {isa = PBXFileReference; lastKnownFileType = sourcecode.swift; path = MasterViewController.swift; sourceTree = "<group>"; };
		816663A72078504700B39AC9 /* DetailViewController.swift */ = {isa = PBXFileReference; lastKnownFileType = sourcecode.swift; path = DetailViewController.swift; sourceTree = "<group>"; };
		816663AA2078504700B39AC9 /* Base */ = {isa = PBXFileReference; lastKnownFileType = file.storyboard; name = Base; path = Base.lproj/Main.storyboard; sourceTree = "<group>"; };
		816663AC2078504700B39AC9 /* Assets.xcassets */ = {isa = PBXFileReference; lastKnownFileType = folder.assetcatalog; path = Assets.xcassets; sourceTree = "<group>"; };
		816663AF2078504700B39AC9 /* Base */ = {isa = PBXFileReference; lastKnownFileType = file.storyboard; name = Base; path = Base.lproj/LaunchScreen.storyboard; sourceTree = "<group>"; };
		816663B12078504700B39AC9 /* Info.plist */ = {isa = PBXFileReference; lastKnownFileType = text.plist.xml; path = Info.plist; sourceTree = "<group>"; };
		816663B62078504700B39AC9 /* PlasticFishesTests.xctest */ = {isa = PBXFileReference; explicitFileType = wrapper.cfbundle; includeInIndex = 0; path = PlasticFishesTests.xctest; sourceTree = BUILT_PRODUCTS_DIR; };
		816663BA2078504700B39AC9 /* PlasticFishesTests.swift */ = {isa = PBXFileReference; lastKnownFileType = sourcecode.swift; path = PlasticFishesTests.swift; sourceTree = "<group>"; };
		816663BC2078504700B39AC9 /* Info.plist */ = {isa = PBXFileReference; lastKnownFileType = text.plist.xml; path = Info.plist; sourceTree = "<group>"; };
		816663C12078504700B39AC9 /* PlasticFishesUITests.xctest */ = {isa = PBXFileReference; explicitFileType = wrapper.cfbundle; includeInIndex = 0; path = PlasticFishesUITests.xctest; sourceTree = BUILT_PRODUCTS_DIR; };
		816663C52078504700B39AC9 /* PlasticFishesUITests.swift */ = {isa = PBXFileReference; lastKnownFileType = sourcecode.swift; path = PlasticFishesUITests.swift; sourceTree = "<group>"; };
		816663C72078504700B39AC9 /* Info.plist */ = {isa = PBXFileReference; lastKnownFileType = text.plist.xml; path = Info.plist; sourceTree = "<group>"; };
		816663D5207850C300B39AC9 /* Fish.swift */ = {isa = PBXFileReference; lastKnownFileType = sourcecode.swift; path = Fish.swift; sourceTree = "<group>"; };
		816663D72078517900B39AC9 /* FishService.swift */ = {isa = PBXFileReference; lastKnownFileType = sourcecode.swift; path = FishService.swift; sourceTree = "<group>"; };
/* End PBXFileReference section */

/* Begin PBXFrameworksBuildPhase section */
		8166639D2078504700B39AC9 /* Frameworks */ = {
			isa = PBXFrameworksBuildPhase;
			buildActionMask = 2147483647;
			files = (
			);
			runOnlyForDeploymentPostprocessing = 0;
		};
		816663B32078504700B39AC9 /* Frameworks */ = {
			isa = PBXFrameworksBuildPhase;
			buildActionMask = 2147483647;
			files = (
			);
			runOnlyForDeploymentPostprocessing = 0;
		};
		816663BE2078504700B39AC9 /* Frameworks */ = {
			isa = PBXFrameworksBuildPhase;
			buildActionMask = 2147483647;
			files = (
			);
			runOnlyForDeploymentPostprocessing = 0;
		};
/* End PBXFrameworksBuildPhase section */

/* Begin PBXGroup section */
		816663972078504700B39AC9 = {
			isa = PBXGroup;
			children = (
				816663A22078504700B39AC9 /* PlasticFishes */,
				816663B92078504700B39AC9 /* PlasticFishesTests */,
				816663C42078504700B39AC9 /* PlasticFishesUITests */,
				816663A12078504700B39AC9 /* Products */,
			);
			sourceTree = "<group>";
		};
		816663A12078504700B39AC9 /* Products */ = {
			isa = PBXGroup;
			children = (
				816663A02078504700B39AC9 /* PlasticFishes.app */,
				816663B62078504700B39AC9 /* PlasticFishesTests.xctest */,
				816663C12078504700B39AC9 /* PlasticFishesUITests.xctest */,
			);
			name = Products;
			sourceTree = "<group>";
		};
		816663A22078504700B39AC9 /* PlasticFishes */ = {
			isa = PBXGroup;
			children = (
				816663D42078508B00B39AC9 /* services */,
				816663D32078508200B39AC9 /* models */,
				816663A32078504700B39AC9 /* AppDelegate.swift */,
				816663A52078504700B39AC9 /* MasterViewController.swift */,
				816663A72078504700B39AC9 /* DetailViewController.swift */,
				816663A92078504700B39AC9 /* Main.storyboard */,
				816663AC2078504700B39AC9 /* Assets.xcassets */,
				816663AE2078504700B39AC9 /* LaunchScreen.storyboard */,
				816663B12078504700B39AC9 /* Info.plist */,
			);
			path = PlasticFishes;
			sourceTree = "<group>";
		};
		816663B92078504700B39AC9 /* PlasticFishesTests */ = {
			isa = PBXGroup;
			children = (
				816663BA2078504700B39AC9 /* PlasticFishesTests.swift */,
				816663BC2078504700B39AC9 /* Info.plist */,
			);
			path = PlasticFishesTests;
			sourceTree = "<group>";
		};
		816663C42078504700B39AC9 /* PlasticFishesUITests */ = {
			isa = PBXGroup;
			children = (
				816663C52078504700B39AC9 /* PlasticFishesUITests.swift */,
				816663C72078504700B39AC9 /* Info.plist */,
			);
			path = PlasticFishesUITests;
			sourceTree = "<group>";
		};
		816663D32078508200B39AC9 /* models */ = {
			isa = PBXGroup;
			children = (
				816663D5207850C300B39AC9 /* Fish.swift */,
			);
			path = models;
			sourceTree = "<group>";
		};
		816663D42078508B00B39AC9 /* services */ = {
			isa = PBXGroup;
			children = (
				816663D72078517900B39AC9 /* FishService.swift */,
			);
			path = services;
			sourceTree = "<group>";
		};
/* End PBXGroup section */

/* Begin PBXNativeTarget section */
		8166639F2078504700B39AC9 /* PlasticFishes */ = {
			isa = PBXNativeTarget;
			buildConfigurationList = 816663CA2078504700B39AC9 /* Build configuration list for PBXNativeTarget "PlasticFishes" */;
			buildPhases = (
				8166639C2078504700B39AC9 /* Sources */,
				8166639D2078504700B39AC9 /* Frameworks */,
				8166639E2078504700B39AC9 /* Resources */,
			);
			buildRules = (
			);
			dependencies = (
			);
			name = PlasticFishes;
			productName = PlasticFishes;
			productReference = 816663A02078504700B39AC9 /* PlasticFishes.app */;
			productType = "com.apple.product-type.application";
		};
		816663B52078504700B39AC9 /* PlasticFishesTests */ = {
			isa = PBXNativeTarget;
			buildConfigurationList = 816663CD2078504700B39AC9 /* Build configuration list for PBXNativeTarget "PlasticFishesTests" */;
			buildPhases = (
				816663B22078504700B39AC9 /* Sources */,
				816663B32078504700B39AC9 /* Frameworks */,
				816663B42078504700B39AC9 /* Resources */,
			);
			buildRules = (
			);
			dependencies = (
				816663B82078504700B39AC9 /* PBXTargetDependency */,
			);
			name = PlasticFishesTests;
			productName = PlasticFishesTests;
			productReference = 816663B62078504700B39AC9 /* PlasticFishesTests.xctest */;
			productType = "com.apple.product-type.bundle.unit-test";
		};
		816663C02078504700B39AC9 /* PlasticFishesUITests */ = {
			isa = PBXNativeTarget;
			buildConfigurationList = 816663D02078504700B39AC9 /* Build configuration list for PBXNativeTarget "PlasticFishesUITests" */;
			buildPhases = (
				816663BD2078504700B39AC9 /* Sources */,
				816663BE2078504700B39AC9 /* Frameworks */,
				816663BF2078504700B39AC9 /* Resources */,
			);
			buildRules = (
			);
			dependencies = (
				816663C32078504700B39AC9 /* PBXTargetDependency */,
			);
			name = PlasticFishesUITests;
			productName = PlasticFishesUITests;
			productReference = 816663C12078504700B39AC9 /* PlasticFishesUITests.xctest */;
			productType = "com.apple.product-type.bundle.ui-testing";
		};
/* End PBXNativeTarget section */

/* Begin PBXProject section */
		816663982078504700B39AC9 /* Project object */ = {
			isa = PBXProject;
			attributes = {
				LastSwiftUpdateCheck = 0920;
				LastUpgradeCheck = 0920;
				ORGANIZATIONNAME = "Adrian Rojas Zarza";
				TargetAttributes = {
					8166639F2078504700B39AC9 = {
						CreatedOnToolsVersion = 9.2;
						ProvisioningStyle = Automatic;
					};
					816663B52078504700B39AC9 = {
						CreatedOnToolsVersion = 9.2;
						ProvisioningStyle = Automatic;
						TestTargetID = 8166639F2078504700B39AC9;
					};
					816663C02078504700B39AC9 = {
						CreatedOnToolsVersion = 9.2;
						ProvisioningStyle = Automatic;
						TestTargetID = 8166639F2078504700B39AC9;
					};
				};
			};
			buildConfigurationList = 8166639B2078504700B39AC9 /* Build configuration list for PBXProject "PlasticFishes" */;
			compatibilityVersion = "Xcode 8.0";
			developmentRegion = en;
			hasScannedForEncodings = 0;
			knownRegions = (
				en,
				Base,
			);
			mainGroup = 816663972078504700B39AC9;
			productRefGroup = 816663A12078504700B39AC9 /* Products */;
			projectDirPath = "";
			projectRoot = "";
			targets = (
				8166639F2078504700B39AC9 /* PlasticFishes */,
				816663B52078504700B39AC9 /* PlasticFishesTests */,
				816663C02078504700B39AC9 /* PlasticFishesUITests */,
			);
		};
/* End PBXProject section */

/* Begin PBXResourcesBuildPhase section */
		8166639E2078504700B39AC9 /* Resources */ = {
			isa = PBXResourcesBuildPhase;
			buildActionMask = 2147483647;
			files = (
				816663B02078504700B39AC9 /* LaunchScreen.storyboard in Resources */,
				816663AD2078504700B39AC9 /* Assets.xcassets in Resources */,
				816663AB2078504700B39AC9 /* Main.storyboard in Resources */,
			);
			runOnlyForDeploymentPostprocessing = 0;
		};
		816663B42078504700B39AC9 /* Resources */ = {
			isa = PBXResourcesBuildPhase;
			buildActionMask = 2147483647;
			files = (
			);
			runOnlyForDeploymentPostprocessing = 0;
		};
		816663BF2078504700B39AC9 /* Resources */ = {
			isa = PBXResourcesBuildPhase;
			buildActionMask = 2147483647;
			files = (
			);
			runOnlyForDeploymentPostprocessing = 0;
		};
/* End PBXResourcesBuildPhase section */

/* Begin PBXSourcesBuildPhase section */
		8166639C2078504700B39AC9 /* Sources */ = {
			isa = PBXSourcesBuildPhase;
			buildActionMask = 2147483647;
			files = (
				816663A82078504700B39AC9 /* DetailViewController.swift in Sources */,
				816663A62078504700B39AC9 /* MasterViewController.swift in Sources */,
				816663A42078504700B39AC9 /* AppDelegate.swift in Sources */,
				816663D6207850C300B39AC9 /* Fish.swift in Sources */,
				816663D82078517900B39AC9 /* FishService.swift in Sources */,
			);
			runOnlyForDeploymentPostprocessing = 0;
		};
		816663B22078504700B39AC9 /* Sources */ = {
			isa = PBXSourcesBuildPhase;
			buildActionMask = 2147483647;
			files = (
				816663BB2078504700B39AC9 /* PlasticFishesTests.swift in Sources */,
			);
			runOnlyForDeploymentPostprocessing = 0;
		};
		816663BD2078504700B39AC9 /* Sources */ = {
			isa = PBXSourcesBuildPhase;
			buildActionMask = 2147483647;
			files = (
				816663C62078504700B39AC9 /* PlasticFishesUITests.swift in Sources */,
			);
			runOnlyForDeploymentPostprocessing = 0;
		};
/* End PBXSourcesBuildPhase section */

/* Begin PBXTargetDependency section */
		816663B82078504700B39AC9 /* PBXTargetDependency */ = {
			isa = PBXTargetDependency;
			target = 8166639F2078504700B39AC9 /* PlasticFishes */;
			targetProxy = 816663B72078504700B39AC9 /* PBXContainerItemProxy */;
		};
		816663C32078504700B39AC9 /* PBXTargetDependency */ = {
			isa = PBXTargetDependency;
			target = 8166639F2078504700B39AC9 /* PlasticFishes */;
			targetProxy = 816663C22078504700B39AC9 /* PBXContainerItemProxy */;
		};
/* End PBXTargetDependency section */

/* Begin PBXVariantGroup section */
		816663A92078504700B39AC9 /* Main.storyboard */ = {
			isa = PBXVariantGroup;
			children = (
				816663AA2078504700B39AC9 /* Base */,
			);
			name = Main.storyboard;
			sourceTree = "<group>";
		};
		816663AE2078504700B39AC9 /* LaunchScreen.storyboard */ = {
			isa = PBXVariantGroup;
			children = (
				816663AF2078504700B39AC9 /* Base */,
			);
			name = LaunchScreen.storyboard;
			sourceTree = "<group>";
		};
/* End PBXVariantGroup section */

/* Begin XCBuildConfiguration section */
		816663C82078504700B39AC9 /* Debug */ = {
			isa = XCBuildConfiguration;
			buildSettings = {
				ALWAYS_SEARCH_USER_PATHS = NO;
				CLANG_ANALYZER_NONNULL = YES;
				CLANG_ANALYZER_NUMBER_OBJECT_CONVERSION = YES_AGGRESSIVE;
				CLANG_CXX_LANGUAGE_STANDARD = "gnu++14";
				CLANG_CXX_LIBRARY = "libc++";
				CLANG_ENABLE_MODULES = YES;
				CLANG_ENABLE_OBJC_ARC = YES;
				CLANG_WARN_BLOCK_CAPTURE_AUTORELEASING = YES;
				CLANG_WARN_BOOL_CONVERSION = YES;
				CLANG_WARN_COMMA = YES;
				CLANG_WARN_CONSTANT_CONVERSION = YES;
				CLANG_WARN_DIRECT_OBJC_ISA_USAGE = YES_ERROR;
				CLANG_WARN_DOCUMENTATION_COMMENTS = YES;
				CLANG_WARN_EMPTY_BODY = YES;
				CLANG_WARN_ENUM_CONVERSION = YES;
				CLANG_WARN_INFINITE_RECURSION = YES;
				CLANG_WARN_INT_CONVERSION = YES;
				CLANG_WARN_NON_LITERAL_NULL_CONVERSION = YES;
				CLANG_WARN_OBJC_LITERAL_CONVERSION = YES;
				CLANG_WARN_OBJC_ROOT_CLASS = YES_ERROR;
				CLANG_WARN_RANGE_LOOP_ANALYSIS = YES;
				CLANG_WARN_STRICT_PROTOTYPES = YES;
				CLANG_WARN_SUSPICIOUS_MOVE = YES;
				CLANG_WARN_UNGUARDED_AVAILABILITY = YES_AGGRESSIVE;
				CLANG_WARN_UNREACHABLE_CODE = YES;
				CLANG_WARN__DUPLICATE_METHOD_MATCH = YES;
				CODE_SIGN_IDENTITY = "iPhone Developer";
				COPY_PHASE_STRIP = NO;
				DEBUG_INFORMATION_FORMAT = dwarf;
				ENABLE_STRICT_OBJC_MSGSEND = YES;
				ENABLE_TESTABILITY = YES;
				GCC_C_LANGUAGE_STANDARD = gnu11;
				GCC_DYNAMIC_NO_PIC = NO;
				GCC_NO_COMMON_BLOCKS = YES;
				GCC_OPTIMIZATION_LEVEL = 0;
				GCC_PREPROCESSOR_DEFINITIONS = (
					"DEBUG=1",
					"$(inherited)",
				);
				GCC_WARN_64_TO_32_BIT_CONVERSION = YES;
				GCC_WARN_ABOUT_RETURN_TYPE = YES_ERROR;
				GCC_WARN_UNDECLARED_SELECTOR = YES;
				GCC_WARN_UNINITIALIZED_AUTOS = YES_AGGRESSIVE;
				GCC_WARN_UNUSED_FUNCTION = YES;
				GCC_WARN_UNUSED_VARIABLE = YES;
				IPHONEOS_DEPLOYMENT_TARGET = 11.2;
				MTL_ENABLE_DEBUG_INFO = YES;
				ONLY_ACTIVE_ARCH = YES;
				SDKROOT = iphoneos;
				SWIFT_ACTIVE_COMPILATION_CONDITIONS = DEBUG;
				SWIFT_OPTIMIZATION_LEVEL = "-Onone";
			};
			name = Debug;
		};
		816663C92078504700B39AC9 /* Release */ = {
			isa = XCBuildConfiguration;
			buildSettings = {
				ALWAYS_SEARCH_USER_PATHS = NO;
				CLANG_ANALYZER_NONNULL = YES;
				CLANG_ANALYZER_NUMBER_OBJECT_CONVERSION = YES_AGGRESSIVE;
				CLANG_CXX_LANGUAGE_STANDARD = "gnu++14";
				CLANG_CXX_LIBRARY = "libc++";
				CLANG_ENABLE_MODULES = YES;
				CLANG_ENABLE_OBJC_ARC = YES;
				CLANG_WARN_BLOCK_CAPTURE_AUTORELEASING = YES;
				CLANG_WARN_BOOL_CONVERSION = YES;
				CLANG_WARN_COMMA = YES;
				CLANG_WARN_CONSTANT_CONVERSION = YES;
				CLANG_WARN_DIRECT_OBJC_ISA_USAGE = YES_ERROR;
				CLANG_WARN_DOCUMENTATION_COMMENTS = YES;
				CLANG_WARN_EMPTY_BODY = YES;
				CLANG_WARN_ENUM_CONVERSION = YES;
				CLANG_WARN_INFINITE_RECURSION = YES;
				CLANG_WARN_INT_CONVERSION = YES;
				CLANG_WARN_NON_LITERAL_NULL_CONVERSION = YES;
				CLANG_WARN_OBJC_LITERAL_CONVERSION = YES;
				CLANG_WARN_OBJC_ROOT_CLASS = YES_ERROR;
				CLANG_WARN_RANGE_LOOP_ANALYSIS = YES;
				CLANG_WARN_STRICT_PROTOTYPES = YES;
				CLANG_WARN_SUSPICIOUS_MOVE = YES;
				CLANG_WARN_UNGUARDED_AVAILABILITY = YES_AGGRESSIVE;
				CLANG_WARN_UNREACHABLE_CODE = YES;
				CLANG_WARN__DUPLICATE_METHOD_MATCH = YES;
				CODE_SIGN_IDENTITY = "iPhone Developer";
				COPY_PHASE_STRIP = NO;
				DEBUG_INFORMATION_FORMAT = "dwarf-with-dsym";
				ENABLE_NS_ASSERTIONS = NO;
				ENABLE_STRICT_OBJC_MSGSEND = YES;
				GCC_C_LANGUAGE_STANDARD = gnu11;
				GCC_NO_COMMON_BLOCKS = YES;
				GCC_WARN_64_TO_32_BIT_CONVERSION = YES;
				GCC_WARN_ABOUT_RETURN_TYPE = YES_ERROR;
				GCC_WARN_UNDECLARED_SELECTOR = YES;
				GCC_WARN_UNINITIALIZED_AUTOS = YES_AGGRESSIVE;
				GCC_WARN_UNUSED_FUNCTION = YES;
				GCC_WARN_UNUSED_VARIABLE = YES;
				IPHONEOS_DEPLOYMENT_TARGET = 11.2;
				MTL_ENABLE_DEBUG_INFO = NO;
				SDKROOT = iphoneos;
				SWIFT_OPTIMIZATION_LEVEL = "-Owholemodule";
				VALIDATE_PRODUCT = YES;
			};
			name = Release;
		};
		816663CB2078504700B39AC9 /* Debug */ = {
			isa = XCBuildConfiguration;
			buildSettings = {
				ASSETCATALOG_COMPILER_APPICON_NAME = AppIcon;
				CODE_SIGN_STYLE = Automatic;
				INFOPLIST_FILE = PlasticFishes/Info.plist;
				LD_RUNPATH_SEARCH_PATHS = "$(inherited) @executable_path/Frameworks";
				PRODUCT_BUNDLE_IDENTIFIER = com.ioslab.PlasticFishes;
				PRODUCT_NAME = "$(TARGET_NAME)";
				SWIFT_VERSION = 4.0;
				TARGETED_DEVICE_FAMILY = "1,2";
			};
			name = Debug;
		};
		816663CC2078504700B39AC9 /* Release */ = {
			isa = XCBuildConfiguration;
			buildSettings = {
				ASSETCATALOG_COMPILER_APPICON_NAME = AppIcon;
				CODE_SIGN_STYLE = Automatic;
				INFOPLIST_FILE = PlasticFishes/Info.plist;
				LD_RUNPATH_SEARCH_PATHS = "$(inherited) @executable_path/Frameworks";
				PRODUCT_BUNDLE_IDENTIFIER = com.ioslab.PlasticFishes;
				PRODUCT_NAME = "$(TARGET_NAME)";
				SWIFT_VERSION = 4.0;
				TARGETED_DEVICE_FAMILY = "1,2";
			};
			name = Release;
		};
		816663CE2078504700B39AC9 /* Debug */ = {
			isa = XCBuildConfiguration;
			buildSettings = {
				ALWAYS_EMBED_SWIFT_STANDARD_LIBRARIES = YES;
				BUNDLE_LOADER = "$(TEST_HOST)";
				CODE_SIGN_STYLE = Automatic;
				INFOPLIST_FILE = PlasticFishesTests/Info.plist;
				LD_RUNPATH_SEARCH_PATHS = "$(inherited) @executable_path/Frameworks @loader_path/Frameworks";
				PRODUCT_BUNDLE_IDENTIFIER = com.ioslab.PlasticFishesTests;
				PRODUCT_NAME = "$(TARGET_NAME)";
				SWIFT_VERSION = 4.0;
				TARGETED_DEVICE_FAMILY = "1,2";
				TEST_HOST = "$(BUILT_PRODUCTS_DIR)/PlasticFishes.app/PlasticFishes";
			};
			name = Debug;
		};
		816663CF2078504700B39AC9 /* Release */ = {
			isa = XCBuildConfiguration;
			buildSettings = {
				ALWAYS_EMBED_SWIFT_STANDARD_LIBRARIES = YES;
				BUNDLE_LOADER = "$(TEST_HOST)";
				CODE_SIGN_STYLE = Automatic;
				INFOPLIST_FILE = PlasticFishesTests/Info.plist;
				LD_RUNPATH_SEARCH_PATHS = "$(inherited) @executable_path/Frameworks @loader_path/Frameworks";
				PRODUCT_BUNDLE_IDENTIFIER = com.ioslab.PlasticFishesTests;
				PRODUCT_NAME = "$(TARGET_NAME)";
				SWIFT_VERSION = 4.0;
				TARGETED_DEVICE_FAMILY = "1,2";
				TEST_HOST = "$(BUILT_PRODUCTS_DIR)/PlasticFishes.app/PlasticFishes";
			};
			name = Release;
		};
		816663D12078504700B39AC9 /* Debug */ = {
			isa = XCBuildConfiguration;
			buildSettings = {
				ALWAYS_EMBED_SWIFT_STANDARD_LIBRARIES = YES;
				CODE_SIGN_STYLE = Automatic;
				INFOPLIST_FILE = PlasticFishesUITests/Info.plist;
				LD_RUNPATH_SEARCH_PATHS = "$(inherited) @executable_path/Frameworks @loader_path/Frameworks";
				PRODUCT_BUNDLE_IDENTIFIER = com.ioslab.PlasticFishesUITests;
				PRODUCT_NAME = "$(TARGET_NAME)";
				SWIFT_VERSION = 4.0;
				TARGETED_DEVICE_FAMILY = "1,2";
				TEST_TARGET_NAME = PlasticFishes;
			};
			name = Debug;
		};
		816663D22078504700B39AC9 /* Release */ = {
			isa = XCBuildConfiguration;
			buildSettings = {
				ALWAYS_EMBED_SWIFT_STANDARD_LIBRARIES = YES;
				CODE_SIGN_STYLE = Automatic;
				INFOPLIST_FILE = PlasticFishesUITests/Info.plist;
				LD_RUNPATH_SEARCH_PATHS = "$(inherited) @executable_path/Frameworks @loader_path/Frameworks";
				PRODUCT_BUNDLE_IDENTIFIER = com.ioslab.PlasticFishesUITests;
				PRODUCT_NAME = "$(TARGET_NAME)";
				SWIFT_VERSION = 4.0;
				TARGETED_DEVICE_FAMILY = "1,2";
				TEST_TARGET_NAME = PlasticFishes;
			};
			name = Release;
		};
/* End XCBuildConfiguration section */

/* Begin XCConfigurationList section */
		8166639B2078504700B39AC9 /* Build configuration list for PBXProject "PlasticFishes" */ = {
			isa = XCConfigurationList;
			buildConfigurations = (
				816663C82078504700B39AC9 /* Debug */,
				816663C92078504700B39AC9 /* Release */,
			);
			defaultConfigurationIsVisible = 0;
			defaultConfigurationName = Release;
		};
		816663CA2078504700B39AC9 /* Build configuration list for PBXNativeTarget "PlasticFishes" */ = {
			isa = XCConfigurationList;
			buildConfigurations = (
				816663CB2078504700B39AC9 /* Debug */,
				816663CC2078504700B39AC9 /* Release */,
			);
			defaultConfigurationIsVisible = 0;
			defaultConfigurationName = Release;
		};
		816663CD2078504700B39AC9 /* Build configuration list for PBXNativeTarget "PlasticFishesTests" */ = {
			isa = XCConfigurationList;
			buildConfigurations = (
				816663CE2078504700B39AC9 /* Debug */,
				816663CF2078504700B39AC9 /* Release */,
			);
			defaultConfigurationIsVisible = 0;
			defaultConfigurationName = Release;
		};
		816663D02078504700B39AC9 /* Build configuration list for PBXNativeTarget "PlasticFishesUITests" */ = {
			isa = XCConfigurationList;
			buildConfigurations = (
				816663D12078504700B39AC9 /* Debug */,
				816663D22078504700B39AC9 /* Release */,
			);
			defaultConfigurationIsVisible = 0;
			defaultConfigurationName = Release;
		};
/* End XCConfigurationList section */
	};
	rootObject = 816663982078504700B39AC9 /* Project object */;
}
