// !$*UTF8*$!
{
	archiveVersion = 1;
	classes = {
	};
	objectVersion = 48;
	objects = {

/* Begin PBXBuildFile section */
		814EF51720534421007D0BB2 /* AppDelegate.swift in Sources */ = {isa = PBXBuildFile; fileRef = 814EF51620534421007D0BB2 /* AppDelegate.swift */; };
		814EF51920534421007D0BB2 /* ViewController.swift in Sources */ = {isa = PBXBuildFile; fileRef = 814EF51820534421007D0BB2 /* ViewController.swift */; };
		814EF51C20534421007D0BB2 /* Main.storyboard in Resources */ = {isa = PBXBuildFile; fileRef = 814EF51A20534421007D0BB2 /* Main.storyboard */; };
		814EF51E20534421007D0BB2 /* Assets.xcassets in Resources */ = {isa = PBXBuildFile; fileRef = 814EF51D20534421007D0BB2 /* Assets.xcassets */; };
		814EF52120534421007D0BB2 /* LaunchScreen.storyboard in Resources */ = {isa = PBXBuildFile; fileRef = 814EF51F20534421007D0BB2 /* LaunchScreen.storyboard */; };
		814EF52C20534421007D0BB2 /* SwitchTests.swift in Sources */ = {isa = PBXBuildFile; fileRef = 814EF52B20534421007D0BB2 /* SwitchTests.swift */; };
		814EF53720534421007D0BB2 /* SwitchUITests.swift in Sources */ = {isa = PBXBuildFile; fileRef = 814EF53620534421007D0BB2 /* SwitchUITests.swift */; };
/* End PBXBuildFile section */

/* Begin PBXContainerItemProxy section */
		814EF52820534421007D0BB2 /* PBXContainerItemProxy */ = {
			isa = PBXContainerItemProxy;
			containerPortal = 814EF50B20534421007D0BB2 /* Project object */;
			proxyType = 1;
			remoteGlobalIDString = 814EF51220534421007D0BB2;
			remoteInfo = Switch;
		};
		814EF53320534421007D0BB2 /* PBXContainerItemProxy */ = {
			isa = PBXContainerItemProxy;
			containerPortal = 814EF50B20534421007D0BB2 /* Project object */;
			proxyType = 1;
			remoteGlobalIDString = 814EF51220534421007D0BB2;
			remoteInfo = Switch;
		};
/* End PBXContainerItemProxy section */

/* Begin PBXFileReference section */
		814EF51320534421007D0BB2 /* Switch.app */ = {isa = PBXFileReference; explicitFileType = wrapper.application; includeInIndex = 0; path = Switch.app; sourceTree = BUILT_PRODUCTS_DIR; };
		814EF51620534421007D0BB2 /* AppDelegate.swift */ = {isa = PBXFileReference; lastKnownFileType = sourcecode.swift; path = AppDelegate.swift; sourceTree = "<group>"; };
		814EF51820534421007D0BB2 /* ViewController.swift */ = {isa = PBXFileReference; lastKnownFileType = sourcecode.swift; path = ViewController.swift; sourceTree = "<group>"; };
		814EF51B20534421007D0BB2 /* Base */ = {isa = PBXFileReference; lastKnownFileType = file.storyboard; name = Base; path = Base.lproj/Main.storyboard; sourceTree = "<group>"; };
		814EF51D20534421007D0BB2 /* Assets.xcassets */ = {isa = PBXFileReference; lastKnownFileType = folder.assetcatalog; path = Assets.xcassets; sourceTree = "<group>"; };
		814EF52020534421007D0BB2 /* Base */ = {isa = PBXFileReference; lastKnownFileType = file.storyboard; name = Base; path = Base.lproj/LaunchScreen.storyboard; sourceTree = "<group>"; };
		814EF52220534421007D0BB2 /* Info.plist */ = {isa = PBXFileReference; lastKnownFileType = text.plist.xml; path = Info.plist; sourceTree = "<group>"; };
		814EF52720534421007D0BB2 /* SwitchTests.xctest */ = {isa = PBXFileReference; explicitFileType = wrapper.cfbundle; includeInIndex = 0; path = SwitchTests.xctest; sourceTree = BUILT_PRODUCTS_DIR; };
		814EF52B20534421007D0BB2 /* SwitchTests.swift */ = {isa = PBXFileReference; lastKnownFileType = sourcecode.swift; path = SwitchTests.swift; sourceTree = "<group>"; };
		814EF52D20534421007D0BB2 /* Info.plist */ = {isa = PBXFileReference; lastKnownFileType = text.plist.xml; path = Info.plist; sourceTree = "<group>"; };
		814EF53220534421007D0BB2 /* SwitchUITests.xctest */ = {isa = PBXFileReference; explicitFileType = wrapper.cfbundle; includeInIndex = 0; path = SwitchUITests.xctest; sourceTree = BUILT_PRODUCTS_DIR; };
		814EF53620534421007D0BB2 /* SwitchUITests.swift */ = {isa = PBXFileReference; lastKnownFileType = sourcecode.swift; path = SwitchUITests.swift; sourceTree = "<group>"; };
		814EF53820534421007D0BB2 /* Info.plist */ = {isa = PBXFileReference; lastKnownFileType = text.plist.xml; path = Info.plist; sourceTree = "<group>"; };
/* End PBXFileReference section */

/* Begin PBXFrameworksBuildPhase section */
		814EF51020534421007D0BB2 /* Frameworks */ = {
			isa = PBXFrameworksBuildPhase;
			buildActionMask = 2147483647;
			files = (
			);
			runOnlyForDeploymentPostprocessing = 0;
		};
		814EF52420534421007D0BB2 /* Frameworks */ = {
			isa = PBXFrameworksBuildPhase;
			buildActionMask = 2147483647;
			files = (
			);
			runOnlyForDeploymentPostprocessing = 0;
		};
		814EF52F20534421007D0BB2 /* Frameworks */ = {
			isa = PBXFrameworksBuildPhase;
			buildActionMask = 2147483647;
			files = (
			);
			runOnlyForDeploymentPostprocessing = 0;
		};
/* End PBXFrameworksBuildPhase section */

/* Begin PBXGroup section */
		814EF50A20534421007D0BB2 = {
			isa = PBXGroup;
			children = (
				814EF51520534421007D0BB2 /* Switch */,
				814EF52A20534421007D0BB2 /* SwitchTests */,
				814EF53520534421007D0BB2 /* SwitchUITests */,
				814EF51420534421007D0BB2 /* Products */,
			);
			sourceTree = "<group>";
		};
		814EF51420534421007D0BB2 /* Products */ = {
			isa = PBXGroup;
			children = (
				814EF51320534421007D0BB2 /* Switch.app */,
				814EF52720534421007D0BB2 /* SwitchTests.xctest */,
				814EF53220534421007D0BB2 /* SwitchUITests.xctest */,
			);
			name = Products;
			sourceTree = "<group>";
		};
		814EF51520534421007D0BB2 /* Switch */ = {
			isa = PBXGroup;
			children = (
				814EF51620534421007D0BB2 /* AppDelegate.swift */,
				814EF51820534421007D0BB2 /* ViewController.swift */,
				814EF51A20534421007D0BB2 /* Main.storyboard */,
				814EF51D20534421007D0BB2 /* Assets.xcassets */,
				814EF51F20534421007D0BB2 /* LaunchScreen.storyboard */,
				814EF52220534421007D0BB2 /* Info.plist */,
			);
			path = Switch;
			sourceTree = "<group>";
		};
		814EF52A20534421007D0BB2 /* SwitchTests */ = {
			isa = PBXGroup;
			children = (
				814EF52B20534421007D0BB2 /* SwitchTests.swift */,
				814EF52D20534421007D0BB2 /* Info.plist */,
			);
			path = SwitchTests;
			sourceTree = "<group>";
		};
		814EF53520534421007D0BB2 /* SwitchUITests */ = {
			isa = PBXGroup;
			children = (
				814EF53620534421007D0BB2 /* SwitchUITests.swift */,
				814EF53820534421007D0BB2 /* Info.plist */,
			);
			path = SwitchUITests;
			sourceTree = "<group>";
		};
/* End PBXGroup section */

/* Begin PBXNativeTarget section */
		814EF51220534421007D0BB2 /* Switch */ = {
			isa = PBXNativeTarget;
			buildConfigurationList = 814EF53B20534421007D0BB2 /* Build configuration list for PBXNativeTarget "Switch" */;
			buildPhases = (
				814EF50F20534421007D0BB2 /* Sources */,
				814EF51020534421007D0BB2 /* Frameworks */,
				814EF51120534421007D0BB2 /* Resources */,
			);
			buildRules = (
			);
			dependencies = (
			);
			name = Switch;
			productName = Switch;
			productReference = 814EF51320534421007D0BB2 /* Switch.app */;
			productType = "com.apple.product-type.application";
		};
		814EF52620534421007D0BB2 /* SwitchTests */ = {
			isa = PBXNativeTarget;
			buildConfigurationList = 814EF53E20534421007D0BB2 /* Build configuration list for PBXNativeTarget "SwitchTests" */;
			buildPhases = (
				814EF52320534421007D0BB2 /* Sources */,
				814EF52420534421007D0BB2 /* Frameworks */,
				814EF52520534421007D0BB2 /* Resources */,
			);
			buildRules = (
			);
			dependencies = (
				814EF52920534421007D0BB2 /* PBXTargetDependency */,
			);
			name = SwitchTests;
			productName = SwitchTests;
			productReference = 814EF52720534421007D0BB2 /* SwitchTests.xctest */;
			productType = "com.apple.product-type.bundle.unit-test";
		};
		814EF53120534421007D0BB2 /* SwitchUITests */ = {
			isa = PBXNativeTarget;
			buildConfigurationList = 814EF54120534421007D0BB2 /* Build configuration list for PBXNativeTarget "SwitchUITests" */;
			buildPhases = (
				814EF52E20534421007D0BB2 /* Sources */,
				814EF52F20534421007D0BB2 /* Frameworks */,
				814EF53020534421007D0BB2 /* Resources */,
			);
			buildRules = (
			);
			dependencies = (
				814EF53420534421007D0BB2 /* PBXTargetDependency */,
			);
			name = SwitchUITests;
			productName = SwitchUITests;
			productReference = 814EF53220534421007D0BB2 /* SwitchUITests.xctest */;
			productType = "com.apple.product-type.bundle.ui-testing";
		};
/* End PBXNativeTarget section */

/* Begin PBXProject section */
		814EF50B20534421007D0BB2 /* Project object */ = {
			isa = PBXProject;
			attributes = {
				LastSwiftUpdateCheck = 0920;
				LastUpgradeCheck = 0920;
				ORGANIZATIONNAME = "Adrian Rojas Zarza";
				TargetAttributes = {
					814EF51220534421007D0BB2 = {
						CreatedOnToolsVersion = 9.2;
						ProvisioningStyle = Automatic;
					};
					814EF52620534421007D0BB2 = {
						CreatedOnToolsVersion = 9.2;
						ProvisioningStyle = Automatic;
						TestTargetID = 814EF51220534421007D0BB2;
					};
					814EF53120534421007D0BB2 = {
						CreatedOnToolsVersion = 9.2;
						ProvisioningStyle = Automatic;
						TestTargetID = 814EF51220534421007D0BB2;
					};
				};
			};
			buildConfigurationList = 814EF50E20534421007D0BB2 /* Build configuration list for PBXProject "Switch" */;
			compatibilityVersion = "Xcode 8.0";
			developmentRegion = en;
			hasScannedForEncodings = 0;
			knownRegions = (
				en,
				Base,
			);
			mainGroup = 814EF50A20534421007D0BB2;
			productRefGroup = 814EF51420534421007D0BB2 /* Products */;
			projectDirPath = "";
			projectRoot = "";
			targets = (
				814EF51220534421007D0BB2 /* Switch */,
				814EF52620534421007D0BB2 /* SwitchTests */,
				814EF53120534421007D0BB2 /* SwitchUITests */,
			);
		};
/* End PBXProject section */

/* Begin PBXResourcesBuildPhase section */
		814EF51120534421007D0BB2 /* Resources */ = {
			isa = PBXResourcesBuildPhase;
			buildActionMask = 2147483647;
			files = (
				814EF52120534421007D0BB2 /* LaunchScreen.storyboard in Resources */,
				814EF51E20534421007D0BB2 /* Assets.xcassets in Resources */,
				814EF51C20534421007D0BB2 /* Main.storyboard in Resources */,
			);
			runOnlyForDeploymentPostprocessing = 0;
		};
		814EF52520534421007D0BB2 /* Resources */ = {
			isa = PBXResourcesBuildPhase;
			buildActionMask = 2147483647;
			files = (
			);
			runOnlyForDeploymentPostprocessing = 0;
		};
		814EF53020534421007D0BB2 /* Resources */ = {
			isa = PBXResourcesBuildPhase;
			buildActionMask = 2147483647;
			files = (
			);
			runOnlyForDeploymentPostprocessing = 0;
		};
/* End PBXResourcesBuildPhase section */

/* Begin PBXSourcesBuildPhase section */
		814EF50F20534421007D0BB2 /* Sources */ = {
			isa = PBXSourcesBuildPhase;
			buildActionMask = 2147483647;
			files = (
				814EF51920534421007D0BB2 /* ViewController.swift in Sources */,
				814EF51720534421007D0BB2 /* AppDelegate.swift in Sources */,
			);
			runOnlyForDeploymentPostprocessing = 0;
		};
		814EF52320534421007D0BB2 /* Sources */ = {
			isa = PBXSourcesBuildPhase;
			buildActionMask = 2147483647;
			files = (
				814EF52C20534421007D0BB2 /* SwitchTests.swift in Sources */,
			);
			runOnlyForDeploymentPostprocessing = 0;
		};
		814EF52E20534421007D0BB2 /* Sources */ = {
			isa = PBXSourcesBuildPhase;
			buildActionMask = 2147483647;
			files = (
				814EF53720534421007D0BB2 /* SwitchUITests.swift in Sources */,
			);
			runOnlyForDeploymentPostprocessing = 0;
		};
/* End PBXSourcesBuildPhase section */

/* Begin PBXTargetDependency section */
		814EF52920534421007D0BB2 /* PBXTargetDependency */ = {
			isa = PBXTargetDependency;
			target = 814EF51220534421007D0BB2 /* Switch */;
			targetProxy = 814EF52820534421007D0BB2 /* PBXContainerItemProxy */;
		};
		814EF53420534421007D0BB2 /* PBXTargetDependency */ = {
			isa = PBXTargetDependency;
			target = 814EF51220534421007D0BB2 /* Switch */;
			targetProxy = 814EF53320534421007D0BB2 /* PBXContainerItemProxy */;
		};
/* End PBXTargetDependency section */

/* Begin PBXVariantGroup section */
		814EF51A20534421007D0BB2 /* Main.storyboard */ = {
			isa = PBXVariantGroup;
			children = (
				814EF51B20534421007D0BB2 /* Base */,
			);
			name = Main.storyboard;
			sourceTree = "<group>";
		};
		814EF51F20534421007D0BB2 /* LaunchScreen.storyboard */ = {
			isa = PBXVariantGroup;
			children = (
				814EF52020534421007D0BB2 /* Base */,
			);
			name = LaunchScreen.storyboard;
			sourceTree = "<group>";
		};
/* End PBXVariantGroup section */

/* Begin XCBuildConfiguration section */
		814EF53920534421007D0BB2 /* Debug */ = {
			isa = XCBuildConfiguration;
			buildSettings = {
				ALWAYS_SEARCH_USER_PATHS = NO;
				CLANG_ANALYZER_NONNULL = YES;
				CLANG_ANALYZER_NUMBER_OBJECT_CONVERSION = YES_AGGRESSIVE;
				CLANG_CXX_LANGUAGE_STANDARD = "gnu++14";
				CLANG_CXX_LIBRARY = "libc++";
				CLANG_ENABLE_MODULES = YES;
				CLANG_ENABLE_OBJC_ARC = YES;
				CLANG_WARN_BLOCK_CAPTURE_AUTORELEASING = YES;
				CLANG_WARN_BOOL_CONVERSION = YES;
				CLANG_WARN_COMMA = YES;
				CLANG_WARN_CONSTANT_CONVERSION = YES;
				CLANG_WARN_DIRECT_OBJC_ISA_USAGE = YES_ERROR;
				CLANG_WARN_DOCUMENTATION_COMMENTS = YES;
				CLANG_WARN_EMPTY_BODY = YES;
				CLANG_WARN_ENUM_CONVERSION = YES;
				CLANG_WARN_INFINITE_RECURSION = YES;
				CLANG_WARN_INT_CONVERSION = YES;
				CLANG_WARN_NON_LITERAL_NULL_CONVERSION = YES;
				CLANG_WARN_OBJC_LITERAL_CONVERSION = YES;
				CLANG_WARN_OBJC_ROOT_CLASS = YES_ERROR;
				CLANG_WARN_RANGE_LOOP_ANALYSIS = YES;
				CLANG_WARN_STRICT_PROTOTYPES = YES;
				CLANG_WARN_SUSPICIOUS_MOVE = YES;
				CLANG_WARN_UNGUARDED_AVAILABILITY = YES_AGGRESSIVE;
				CLANG_WARN_UNREACHABLE_CODE = YES;
				CLANG_WARN__DUPLICATE_METHOD_MATCH = YES;
				CODE_SIGN_IDENTITY = "iPhone Developer";
				COPY_PHASE_STRIP = NO;
				DEBUG_INFORMATION_FORMAT = dwarf;
				ENABLE_STRICT_OBJC_MSGSEND = YES;
				ENABLE_TESTABILITY = YES;
				GCC_C_LANGUAGE_STANDARD = gnu11;
				GCC_DYNAMIC_NO_PIC = NO;
				GCC_NO_COMMON_BLOCKS = YES;
				GCC_OPTIMIZATION_LEVEL = 0;
				GCC_PREPROCESSOR_DEFINITIONS = (
					"DEBUG=1",
					"$(inherited)",
				);
				GCC_WARN_64_TO_32_BIT_CONVERSION = YES;
				GCC_WARN_ABOUT_RETURN_TYPE = YES_ERROR;
				GCC_WARN_UNDECLARED_SELECTOR = YES;
				GCC_WARN_UNINITIALIZED_AUTOS = YES_AGGRESSIVE;
				GCC_WARN_UNUSED_FUNCTION = YES;
				GCC_WARN_UNUSED_VARIABLE = YES;
				IPHONEOS_DEPLOYMENT_TARGET = 11.2;
				MTL_ENABLE_DEBUG_INFO = YES;
				ONLY_ACTIVE_ARCH = YES;
				SDKROOT = iphoneos;
				SWIFT_ACTIVE_COMPILATION_CONDITIONS = DEBUG;
				SWIFT_OPTIMIZATION_LEVEL = "-Onone";
			};
			name = Debug;
		};
		814EF53A20534421007D0BB2 /* Release */ = {
			isa = XCBuildConfiguration;
			buildSettings = {
				ALWAYS_SEARCH_USER_PATHS = NO;
				CLANG_ANALYZER_NONNULL = YES;
				CLANG_ANALYZER_NUMBER_OBJECT_CONVERSION = YES_AGGRESSIVE;
				CLANG_CXX_LANGUAGE_STANDARD = "gnu++14";
				CLANG_CXX_LIBRARY = "libc++";
				CLANG_ENABLE_MODULES = YES;
				CLANG_ENABLE_OBJC_ARC = YES;
				CLANG_WARN_BLOCK_CAPTURE_AUTORELEASING = YES;
				CLANG_WARN_BOOL_CONVERSION = YES;
				CLANG_WARN_COMMA = YES;
				CLANG_WARN_CONSTANT_CONVERSION = YES;
				CLANG_WARN_DIRECT_OBJC_ISA_USAGE = YES_ERROR;
				CLANG_WARN_DOCUMENTATION_COMMENTS = YES;
				CLANG_WARN_EMPTY_BODY = YES;
				CLANG_WARN_ENUM_CONVERSION = YES;
				CLANG_WARN_INFINITE_RECURSION = YES;
				CLANG_WARN_INT_CONVERSION = YES;
				CLANG_WARN_NON_LITERAL_NULL_CONVERSION = YES;
				CLANG_WARN_OBJC_LITERAL_CONVERSION = YES;
				CLANG_WARN_OBJC_ROOT_CLASS = YES_ERROR;
				CLANG_WARN_RANGE_LOOP_ANALYSIS = YES;
				CLANG_WARN_STRICT_PROTOTYPES = YES;
				CLANG_WARN_SUSPICIOUS_MOVE = YES;
				CLANG_WARN_UNGUARDED_AVAILABILITY = YES_AGGRESSIVE;
				CLANG_WARN_UNREACHABLE_CODE = YES;
				CLANG_WARN__DUPLICATE_METHOD_MATCH = YES;
				CODE_SIGN_IDENTITY = "iPhone Developer";
				COPY_PHASE_STRIP = NO;
				DEBUG_INFORMATION_FORMAT = "dwarf-with-dsym";
				ENABLE_NS_ASSERTIONS = NO;
				ENABLE_STRICT_OBJC_MSGSEND = YES;
				GCC_C_LANGUAGE_STANDARD = gnu11;
				GCC_NO_COMMON_BLOCKS = YES;
				GCC_WARN_64_TO_32_BIT_CONVERSION = YES;
				GCC_WARN_ABOUT_RETURN_TYPE = YES_ERROR;
				GCC_WARN_UNDECLARED_SELECTOR = YES;
				GCC_WARN_UNINITIALIZED_AUTOS = YES_AGGRESSIVE;
				GCC_WARN_UNUSED_FUNCTION = YES;
				GCC_WARN_UNUSED_VARIABLE = YES;
				IPHONEOS_DEPLOYMENT_TARGET = 11.2;
				MTL_ENABLE_DEBUG_INFO = NO;
				SDKROOT = iphoneos;
				SWIFT_OPTIMIZATION_LEVEL = "-Owholemodule";
				VALIDATE_PRODUCT = YES;
			};
			name = Release;
		};
		814EF53C20534421007D0BB2 /* Debug */ = {
			isa = XCBuildConfiguration;
			buildSettings = {
				ASSETCATALOG_COMPILER_APPICON_NAME = AppIcon;
				CODE_SIGN_STYLE = Automatic;
				INFOPLIST_FILE = Switch/Info.plist;
				LD_RUNPATH_SEARCH_PATHS = "$(inherited) @executable_path/Frameworks";
				PRODUCT_BUNDLE_IDENTIFIER = com.ioslab.Switch;
				PRODUCT_NAME = "$(TARGET_NAME)";
				SWIFT_VERSION = 4.0;
				TARGETED_DEVICE_FAMILY = "1,2";
			};
			name = Debug;
		};
		814EF53D20534421007D0BB2 /* Release */ = {
			isa = XCBuildConfiguration;
			buildSettings = {
				ASSETCATALOG_COMPILER_APPICON_NAME = AppIcon;
				CODE_SIGN_STYLE = Automatic;
				INFOPLIST_FILE = Switch/Info.plist;
				LD_RUNPATH_SEARCH_PATHS = "$(inherited) @executable_path/Frameworks";
				PRODUCT_BUNDLE_IDENTIFIER = com.ioslab.Switch;
				PRODUCT_NAME = "$(TARGET_NAME)";
				SWIFT_VERSION = 4.0;
				TARGETED_DEVICE_FAMILY = "1,2";
			};
			name = Release;
		};
		814EF53F20534421007D0BB2 /* Debug */ = {
			isa = XCBuildConfiguration;
			buildSettings = {
				ALWAYS_EMBED_SWIFT_STANDARD_LIBRARIES = YES;
				BUNDLE_LOADER = "$(TEST_HOST)";
				CODE_SIGN_STYLE = Automatic;
				INFOPLIST_FILE = SwitchTests/Info.plist;
				LD_RUNPATH_SEARCH_PATHS = "$(inherited) @executable_path/Frameworks @loader_path/Frameworks";
				PRODUCT_BUNDLE_IDENTIFIER = com.ioslab.SwitchTests;
				PRODUCT_NAME = "$(TARGET_NAME)";
				SWIFT_VERSION = 4.0;
				TARGETED_DEVICE_FAMILY = "1,2";
				TEST_HOST = "$(BUILT_PRODUCTS_DIR)/Switch.app/Switch";
			};
			name = Debug;
		};
		814EF54020534421007D0BB2 /* Release */ = {
			isa = XCBuildConfiguration;
			buildSettings = {
				ALWAYS_EMBED_SWIFT_STANDARD_LIBRARIES = YES;
				BUNDLE_LOADER = "$(TEST_HOST)";
				CODE_SIGN_STYLE = Automatic;
				INFOPLIST_FILE = SwitchTests/Info.plist;
				LD_RUNPATH_SEARCH_PATHS = "$(inherited) @executable_path/Frameworks @loader_path/Frameworks";
				PRODUCT_BUNDLE_IDENTIFIER = com.ioslab.SwitchTests;
				PRODUCT_NAME = "$(TARGET_NAME)";
				SWIFT_VERSION = 4.0;
				TARGETED_DEVICE_FAMILY = "1,2";
				TEST_HOST = "$(BUILT_PRODUCTS_DIR)/Switch.app/Switch";
			};
			name = Release;
		};
		814EF54220534421007D0BB2 /* Debug */ = {
			isa = XCBuildConfiguration;
			buildSettings = {
				ALWAYS_EMBED_SWIFT_STANDARD_LIBRARIES = YES;
				CODE_SIGN_STYLE = Automatic;
				INFOPLIST_FILE = SwitchUITests/Info.plist;
				LD_RUNPATH_SEARCH_PATHS = "$(inherited) @executable_path/Frameworks @loader_path/Frameworks";
				PRODUCT_BUNDLE_IDENTIFIER = com.ioslab.SwitchUITests;
				PRODUCT_NAME = "$(TARGET_NAME)";
				SWIFT_VERSION = 4.0;
				TARGETED_DEVICE_FAMILY = "1,2";
				TEST_TARGET_NAME = Switch;
			};
			name = Debug;
		};
		814EF54320534421007D0BB2 /* Release */ = {
			isa = XCBuildConfiguration;
			buildSettings = {
				ALWAYS_EMBED_SWIFT_STANDARD_LIBRARIES = YES;
				CODE_SIGN_STYLE = Automatic;
				INFOPLIST_FILE = SwitchUITests/Info.plist;
				LD_RUNPATH_SEARCH_PATHS = "$(inherited) @executable_path/Frameworks @loader_path/Frameworks";
				PRODUCT_BUNDLE_IDENTIFIER = com.ioslab.SwitchUITests;
				PRODUCT_NAME = "$(TARGET_NAME)";
				SWIFT_VERSION = 4.0;
				TARGETED_DEVICE_FAMILY = "1,2";
				TEST_TARGET_NAME = Switch;
			};
			name = Release;
		};
/* End XCBuildConfiguration section */

/* Begin XCConfigurationList section */
		814EF50E20534421007D0BB2 /* Build configuration list for PBXProject "Switch" */ = {
			isa = XCConfigurationList;
			buildConfigurations = (
				814EF53920534421007D0BB2 /* Debug */,
				814EF53A20534421007D0BB2 /* Release */,
			);
			defaultConfigurationIsVisible = 0;
			defaultConfigurationName = Release;
		};
		814EF53B20534421007D0BB2 /* Build configuration list for PBXNativeTarget "Switch" */ = {
			isa = XCConfigurationList;
			buildConfigurations = (
				814EF53C20534421007D0BB2 /* Debug */,
				814EF53D20534421007D0BB2 /* Release */,
			);
			defaultConfigurationIsVisible = 0;
			defaultConfigurationName = Release;
		};
		814EF53E20534421007D0BB2 /* Build configuration list for PBXNativeTarget "SwitchTests" */ = {
			isa = XCConfigurationList;
			buildConfigurations = (
				814EF53F20534421007D0BB2 /* Debug */,
				814EF54020534421007D0BB2 /* Release */,
			);
			defaultConfigurationIsVisible = 0;
			defaultConfigurationName = Release;
		};
		814EF54120534421007D0BB2 /* Build configuration list for PBXNativeTarget "SwitchUITests" */ = {
			isa = XCConfigurationList;
			buildConfigurations = (
				814EF54220534421007D0BB2 /* Debug */,
				814EF54320534421007D0BB2 /* Release */,
			);
			defaultConfigurationIsVisible = 0;
			defaultConfigurationName = Release;
		};
/* End XCConfigurationList section */
	};
	rootObject = 814EF50B20534421007D0BB2 /* Project object */;
}
