// !$*UTF8*$!
{
	archiveVersion = 1;
	classes = {
	};
	objectVersion = 50;
	objects = {

/* Begin PBXBuildFile section */
		8104BDC6208AB74A001CCD3A /* AppDelegate.swift in Sources */ = {isa = PBXBuildFile; fileRef = 8104BDC5208AB74A001CCD3A /* AppDelegate.swift */; };
		8104BDC8208AB74A001CCD3A /* ViewController.swift in Sources */ = {isa = PBXBuildFile; fileRef = 8104BDC7208AB74A001CCD3A /* ViewController.swift */; };
		8104BDCB208AB74A001CCD3A /* Main.storyboard in Resources */ = {isa = PBXBuildFile; fileRef = 8104BDC9208AB74A001CCD3A /* Main.storyboard */; };
		8104BDCD208AB74B001CCD3A /* Assets.xcassets in Resources */ = {isa = PBXBuildFile; fileRef = 8104BDCC208AB74B001CCD3A /* Assets.xcassets */; };
		8104BDD0208AB74B001CCD3A /* LaunchScreen.storyboard in Resources */ = {isa = PBXBuildFile; fileRef = 8104BDCE208AB74B001CCD3A /* LaunchScreen.storyboard */; };
		8104BDDB208AB74B001CCD3A /* LoginTests.swift in Sources */ = {isa = PBXBuildFile; fileRef = 8104BDDA208AB74B001CCD3A /* LoginTests.swift */; };
		8104BDE6208AB74B001CCD3A /* LoginUITests.swift in Sources */ = {isa = PBXBuildFile; fileRef = 8104BDE5208AB74B001CCD3A /* LoginUITests.swift */; };
/* End PBXBuildFile section */

/* Begin PBXContainerItemProxy section */
		8104BDD7208AB74B001CCD3A /* PBXContainerItemProxy */ = {
			isa = PBXContainerItemProxy;
			containerPortal = 8104BDBA208AB74A001CCD3A /* Project object */;
			proxyType = 1;
			remoteGlobalIDString = 8104BDC1208AB74A001CCD3A;
			remoteInfo = Login;
		};
		8104BDE2208AB74B001CCD3A /* PBXContainerItemProxy */ = {
			isa = PBXContainerItemProxy;
			containerPortal = 8104BDBA208AB74A001CCD3A /* Project object */;
			proxyType = 1;
			remoteGlobalIDString = 8104BDC1208AB74A001CCD3A;
			remoteInfo = Login;
		};
/* End PBXContainerItemProxy section */

/* Begin PBXFileReference section */
		8104BDC2208AB74A001CCD3A /* Login.app */ = {isa = PBXFileReference; explicitFileType = wrapper.application; includeInIndex = 0; path = Login.app; sourceTree = BUILT_PRODUCTS_DIR; };
		8104BDC5208AB74A001CCD3A /* AppDelegate.swift */ = {isa = PBXFileReference; lastKnownFileType = sourcecode.swift; path = AppDelegate.swift; sourceTree = "<group>"; };
		8104BDC7208AB74A001CCD3A /* ViewController.swift */ = {isa = PBXFileReference; lastKnownFileType = sourcecode.swift; path = ViewController.swift; sourceTree = "<group>"; };
		8104BDCA208AB74A001CCD3A /* Base */ = {isa = PBXFileReference; lastKnownFileType = file.storyboard; name = Base; path = Base.lproj/Main.storyboard; sourceTree = "<group>"; };
		8104BDCC208AB74B001CCD3A /* Assets.xcassets */ = {isa = PBXFileReference; lastKnownFileType = folder.assetcatalog; path = Assets.xcassets; sourceTree = "<group>"; };
		8104BDCF208AB74B001CCD3A /* Base */ = {isa = PBXFileReference; lastKnownFileType = file.storyboard; name = Base; path = Base.lproj/LaunchScreen.storyboard; sourceTree = "<group>"; };
		8104BDD1208AB74B001CCD3A /* Info.plist */ = {isa = PBXFileReference; lastKnownFileType = text.plist.xml; path = Info.plist; sourceTree = "<group>"; };
		8104BDD6208AB74B001CCD3A /* LoginTests.xctest */ = {isa = PBXFileReference; explicitFileType = wrapper.cfbundle; includeInIndex = 0; path = LoginTests.xctest; sourceTree = BUILT_PRODUCTS_DIR; };
		8104BDDA208AB74B001CCD3A /* LoginTests.swift */ = {isa = PBXFileReference; lastKnownFileType = sourcecode.swift; path = LoginTests.swift; sourceTree = "<group>"; };
		8104BDDC208AB74B001CCD3A /* Info.plist */ = {isa = PBXFileReference; lastKnownFileType = text.plist.xml; path = Info.plist; sourceTree = "<group>"; };
		8104BDE1208AB74B001CCD3A /* LoginUITests.xctest */ = {isa = PBXFileReference; explicitFileType = wrapper.cfbundle; includeInIndex = 0; path = LoginUITests.xctest; sourceTree = BUILT_PRODUCTS_DIR; };
		8104BDE5208AB74B001CCD3A /* LoginUITests.swift */ = {isa = PBXFileReference; lastKnownFileType = sourcecode.swift; path = LoginUITests.swift; sourceTree = "<group>"; };
		8104BDE7208AB74B001CCD3A /* Info.plist */ = {isa = PBXFileReference; lastKnownFileType = text.plist.xml; path = Info.plist; sourceTree = "<group>"; };
/* End PBXFileReference section */

/* Begin PBXFrameworksBuildPhase section */
		8104BDBF208AB74A001CCD3A /* Frameworks */ = {
			isa = PBXFrameworksBuildPhase;
			buildActionMask = 2147483647;
			files = (
			);
			runOnlyForDeploymentPostprocessing = 0;
		};
		8104BDD3208AB74B001CCD3A /* Frameworks */ = {
			isa = PBXFrameworksBuildPhase;
			buildActionMask = 2147483647;
			files = (
			);
			runOnlyForDeploymentPostprocessing = 0;
		};
		8104BDDE208AB74B001CCD3A /* Frameworks */ = {
			isa = PBXFrameworksBuildPhase;
			buildActionMask = 2147483647;
			files = (
			);
			runOnlyForDeploymentPostprocessing = 0;
		};
/* End PBXFrameworksBuildPhase section */

/* Begin PBXGroup section */
		8104BDB9208AB74A001CCD3A = {
			isa = PBXGroup;
			children = (
				8104BDC4208AB74A001CCD3A /* Login */,
				8104BDD9208AB74B001CCD3A /* LoginTests */,
				8104BDE4208AB74B001CCD3A /* LoginUITests */,
				8104BDC3208AB74A001CCD3A /* Products */,
			);
			sourceTree = "<group>";
		};
		8104BDC3208AB74A001CCD3A /* Products */ = {
			isa = PBXGroup;
			children = (
				8104BDC2208AB74A001CCD3A /* Login.app */,
				8104BDD6208AB74B001CCD3A /* LoginTests.xctest */,
				8104BDE1208AB74B001CCD3A /* LoginUITests.xctest */,
			);
			name = Products;
			sourceTree = "<group>";
		};
		8104BDC4208AB74A001CCD3A /* Login */ = {
			isa = PBXGroup;
			children = (
				8104BDC5208AB74A001CCD3A /* AppDelegate.swift */,
				8104BDC7208AB74A001CCD3A /* ViewController.swift */,
				8104BDC9208AB74A001CCD3A /* Main.storyboard */,
				8104BDCC208AB74B001CCD3A /* Assets.xcassets */,
				8104BDCE208AB74B001CCD3A /* LaunchScreen.storyboard */,
				8104BDD1208AB74B001CCD3A /* Info.plist */,
			);
			path = Login;
			sourceTree = "<group>";
		};
		8104BDD9208AB74B001CCD3A /* LoginTests */ = {
			isa = PBXGroup;
			children = (
				8104BDDA208AB74B001CCD3A /* LoginTests.swift */,
				8104BDDC208AB74B001CCD3A /* Info.plist */,
			);
			path = LoginTests;
			sourceTree = "<group>";
		};
		8104BDE4208AB74B001CCD3A /* LoginUITests */ = {
			isa = PBXGroup;
			children = (
				8104BDE5208AB74B001CCD3A /* LoginUITests.swift */,
				8104BDE7208AB74B001CCD3A /* Info.plist */,
			);
			path = LoginUITests;
			sourceTree = "<group>";
		};
/* End PBXGroup section */

/* Begin PBXNativeTarget section */
		8104BDC1208AB74A001CCD3A /* Login */ = {
			isa = PBXNativeTarget;
			buildConfigurationList = 8104BDEA208AB74B001CCD3A /* Build configuration list for PBXNativeTarget "Login" */;
			buildPhases = (
				8104BDBE208AB74A001CCD3A /* Sources */,
				8104BDBF208AB74A001CCD3A /* Frameworks */,
				8104BDC0208AB74A001CCD3A /* Resources */,
			);
			buildRules = (
			);
			dependencies = (
			);
			name = Login;
			productName = Login;
			productReference = 8104BDC2208AB74A001CCD3A /* Login.app */;
			productType = "com.apple.product-type.application";
		};
		8104BDD5208AB74B001CCD3A /* LoginTests */ = {
			isa = PBXNativeTarget;
			buildConfigurationList = 8104BDED208AB74B001CCD3A /* Build configuration list for PBXNativeTarget "LoginTests" */;
			buildPhases = (
				8104BDD2208AB74B001CCD3A /* Sources */,
				8104BDD3208AB74B001CCD3A /* Frameworks */,
				8104BDD4208AB74B001CCD3A /* Resources */,
			);
			buildRules = (
			);
			dependencies = (
				8104BDD8208AB74B001CCD3A /* PBXTargetDependency */,
			);
			name = LoginTests;
			productName = LoginTests;
			productReference = 8104BDD6208AB74B001CCD3A /* LoginTests.xctest */;
			productType = "com.apple.product-type.bundle.unit-test";
		};
		8104BDE0208AB74B001CCD3A /* LoginUITests */ = {
			isa = PBXNativeTarget;
			buildConfigurationList = 8104BDF0208AB74B001CCD3A /* Build configuration list for PBXNativeTarget "LoginUITests" */;
			buildPhases = (
				8104BDDD208AB74B001CCD3A /* Sources */,
				8104BDDE208AB74B001CCD3A /* Frameworks */,
				8104BDDF208AB74B001CCD3A /* Resources */,
			);
			buildRules = (
			);
			dependencies = (
				8104BDE3208AB74B001CCD3A /* PBXTargetDependency */,
			);
			name = LoginUITests;
			productName = LoginUITests;
			productReference = 8104BDE1208AB74B001CCD3A /* LoginUITests.xctest */;
			productType = "com.apple.product-type.bundle.ui-testing";
		};
/* End PBXNativeTarget section */

/* Begin PBXProject section */
		8104BDBA208AB74A001CCD3A /* Project object */ = {
			isa = PBXProject;
			attributes = {
				LastSwiftUpdateCheck = 0930;
				LastUpgradeCheck = 0930;
				ORGANIZATIONNAME = "Adrian Rojas Zarza";
				TargetAttributes = {
					8104BDC1208AB74A001CCD3A = {
						CreatedOnToolsVersion = 9.3;
					};
					8104BDD5208AB74B001CCD3A = {
						CreatedOnToolsVersion = 9.3;
						TestTargetID = 8104BDC1208AB74A001CCD3A;
					};
					8104BDE0208AB74B001CCD3A = {
						CreatedOnToolsVersion = 9.3;
						TestTargetID = 8104BDC1208AB74A001CCD3A;
					};
				};
			};
			buildConfigurationList = 8104BDBD208AB74A001CCD3A /* Build configuration list for PBXProject "Login" */;
			compatibilityVersion = "Xcode 9.3";
			developmentRegion = en;
			hasScannedForEncodings = 0;
			knownRegions = (
				en,
				Base,
			);
			mainGroup = 8104BDB9208AB74A001CCD3A;
			productRefGroup = 8104BDC3208AB74A001CCD3A /* Products */;
			projectDirPath = "";
			projectRoot = "";
			targets = (
				8104BDC1208AB74A001CCD3A /* Login */,
				8104BDD5208AB74B001CCD3A /* LoginTests */,
				8104BDE0208AB74B001CCD3A /* LoginUITests */,
			);
		};
/* End PBXProject section */

/* Begin PBXResourcesBuildPhase section */
		8104BDC0208AB74A001CCD3A /* Resources */ = {
			isa = PBXResourcesBuildPhase;
			buildActionMask = 2147483647;
			files = (
				8104BDD0208AB74B001CCD3A /* LaunchScreen.storyboard in Resources */,
				8104BDCD208AB74B001CCD3A /* Assets.xcassets in Resources */,
				8104BDCB208AB74A001CCD3A /* Main.storyboard in Resources */,
			);
			runOnlyForDeploymentPostprocessing = 0;
		};
		8104BDD4208AB74B001CCD3A /* Resources */ = {
			isa = PBXResourcesBuildPhase;
			buildActionMask = 2147483647;
			files = (
			);
			runOnlyForDeploymentPostprocessing = 0;
		};
		8104BDDF208AB74B001CCD3A /* Resources */ = {
			isa = PBXResourcesBuildPhase;
			buildActionMask = 2147483647;
			files = (
			);
			runOnlyForDeploymentPostprocessing = 0;
		};
/* End PBXResourcesBuildPhase section */

/* Begin PBXSourcesBuildPhase section */
		8104BDBE208AB74A001CCD3A /* Sources */ = {
			isa = PBXSourcesBuildPhase;
			buildActionMask = 2147483647;
			files = (
				8104BDC8208AB74A001CCD3A /* ViewController.swift in Sources */,
				8104BDC6208AB74A001CCD3A /* AppDelegate.swift in Sources */,
			);
			runOnlyForDeploymentPostprocessing = 0;
		};
		8104BDD2208AB74B001CCD3A /* Sources */ = {
			isa = PBXSourcesBuildPhase;
			buildActionMask = 2147483647;
			files = (
				8104BDDB208AB74B001CCD3A /* LoginTests.swift in Sources */,
			);
			runOnlyForDeploymentPostprocessing = 0;
		};
		8104BDDD208AB74B001CCD3A /* Sources */ = {
			isa = PBXSourcesBuildPhase;
			buildActionMask = 2147483647;
			files = (
				8104BDE6208AB74B001CCD3A /* LoginUITests.swift in Sources */,
			);
			runOnlyForDeploymentPostprocessing = 0;
		};
/* End PBXSourcesBuildPhase section */

/* Begin PBXTargetDependency section */
		8104BDD8208AB74B001CCD3A /* PBXTargetDependency */ = {
			isa = PBXTargetDependency;
			target = 8104BDC1208AB74A001CCD3A /* Login */;
			targetProxy = 8104BDD7208AB74B001CCD3A /* PBXContainerItemProxy */;
		};
		8104BDE3208AB74B001CCD3A /* PBXTargetDependency */ = {
			isa = PBXTargetDependency;
			target = 8104BDC1208AB74A001CCD3A /* Login */;
			targetProxy = 8104BDE2208AB74B001CCD3A /* PBXContainerItemProxy */;
		};
/* End PBXTargetDependency section */

/* Begin PBXVariantGroup section */
		8104BDC9208AB74A001CCD3A /* Main.storyboard */ = {
			isa = PBXVariantGroup;
			children = (
				8104BDCA208AB74A001CCD3A /* Base */,
			);
			name = Main.storyboard;
			sourceTree = "<group>";
		};
		8104BDCE208AB74B001CCD3A /* LaunchScreen.storyboard */ = {
			isa = PBXVariantGroup;
			children = (
				8104BDCF208AB74B001CCD3A /* Base */,
			);
			name = LaunchScreen.storyboard;
			sourceTree = "<group>";
		};
/* End PBXVariantGroup section */

/* Begin XCBuildConfiguration section */
		8104BDE8208AB74B001CCD3A /* Debug */ = {
			isa = XCBuildConfiguration;
			buildSettings = {
				ALWAYS_SEARCH_USER_PATHS = NO;
				CLANG_ANALYZER_NONNULL = YES;
				CLANG_ANALYZER_NUMBER_OBJECT_CONVERSION = YES_AGGRESSIVE;
				CLANG_CXX_LANGUAGE_STANDARD = "gnu++14";
				CLANG_CXX_LIBRARY = "libc++";
				CLANG_ENABLE_MODULES = YES;
				CLANG_ENABLE_OBJC_ARC = YES;
				CLANG_ENABLE_OBJC_WEAK = YES;
				CLANG_WARN_BLOCK_CAPTURE_AUTORELEASING = YES;
				CLANG_WARN_BOOL_CONVERSION = YES;
				CLANG_WARN_COMMA = YES;
				CLANG_WARN_CONSTANT_CONVERSION = YES;
				CLANG_WARN_DEPRECATED_OBJC_IMPLEMENTATIONS = YES;
				CLANG_WARN_DIRECT_OBJC_ISA_USAGE = YES_ERROR;
				CLANG_WARN_DOCUMENTATION_COMMENTS = YES;
				CLANG_WARN_EMPTY_BODY = YES;
				CLANG_WARN_ENUM_CONVERSION = YES;
				CLANG_WARN_INFINITE_RECURSION = YES;
				CLANG_WARN_INT_CONVERSION = YES;
				CLANG_WARN_NON_LITERAL_NULL_CONVERSION = YES;
				CLANG_WARN_OBJC_IMPLICIT_RETAIN_SELF = YES;
				CLANG_WARN_OBJC_LITERAL_CONVERSION = YES;
				CLANG_WARN_OBJC_ROOT_CLASS = YES_ERROR;
				CLANG_WARN_RANGE_LOOP_ANALYSIS = YES;
				CLANG_WARN_STRICT_PROTOTYPES = YES;
				CLANG_WARN_SUSPICIOUS_MOVE = YES;
				CLANG_WARN_UNGUARDED_AVAILABILITY = YES_AGGRESSIVE;
				CLANG_WARN_UNREACHABLE_CODE = YES;
				CLANG_WARN__DUPLICATE_METHOD_MATCH = YES;
				CODE_SIGN_IDENTITY = "iPhone Developer";
				COPY_PHASE_STRIP = NO;
				DEBUG_INFORMATION_FORMAT = dwarf;
				ENABLE_STRICT_OBJC_MSGSEND = YES;
				ENABLE_TESTABILITY = YES;
				GCC_C_LANGUAGE_STANDARD = gnu11;
				GCC_DYNAMIC_NO_PIC = NO;
				GCC_NO_COMMON_BLOCKS = YES;
				GCC_OPTIMIZATION_LEVEL = 0;
				GCC_PREPROCESSOR_DEFINITIONS = (
					"DEBUG=1",
					"$(inherited)",
				);
				GCC_WARN_64_TO_32_BIT_CONVERSION = YES;
				GCC_WARN_ABOUT_RETURN_TYPE = YES_ERROR;
				GCC_WARN_UNDECLARED_SELECTOR = YES;
				GCC_WARN_UNINITIALIZED_AUTOS = YES_AGGRESSIVE;
				GCC_WARN_UNUSED_FUNCTION = YES;
				GCC_WARN_UNUSED_VARIABLE = YES;
				IPHONEOS_DEPLOYMENT_TARGET = 11.3;
				MTL_ENABLE_DEBUG_INFO = YES;
				ONLY_ACTIVE_ARCH = YES;
				SDKROOT = iphoneos;
				SWIFT_ACTIVE_COMPILATION_CONDITIONS = DEBUG;
				SWIFT_OPTIMIZATION_LEVEL = "-Onone";
			};
			name = Debug;
		};
		8104BDE9208AB74B001CCD3A /* Release */ = {
			isa = XCBuildConfiguration;
			buildSettings = {
				ALWAYS_SEARCH_USER_PATHS = NO;
				CLANG_ANALYZER_NONNULL = YES;
				CLANG_ANALYZER_NUMBER_OBJECT_CONVERSION = YES_AGGRESSIVE;
				CLANG_CXX_LANGUAGE_STANDARD = "gnu++14";
				CLANG_CXX_LIBRARY = "libc++";
				CLANG_ENABLE_MODULES = YES;
				CLANG_ENABLE_OBJC_ARC = YES;
				CLANG_ENABLE_OBJC_WEAK = YES;
				CLANG_WARN_BLOCK_CAPTURE_AUTORELEASING = YES;
				CLANG_WARN_BOOL_CONVERSION = YES;
				CLANG_WARN_COMMA = YES;
				CLANG_WARN_CONSTANT_CONVERSION = YES;
				CLANG_WARN_DEPRECATED_OBJC_IMPLEMENTATIONS = YES;
				CLANG_WARN_DIRECT_OBJC_ISA_USAGE = YES_ERROR;
				CLANG_WARN_DOCUMENTATION_COMMENTS = YES;
				CLANG_WARN_EMPTY_BODY = YES;
				CLANG_WARN_ENUM_CONVERSION = YES;
				CLANG_WARN_INFINITE_RECURSION = YES;
				CLANG_WARN_INT_CONVERSION = YES;
				CLANG_WARN_NON_LITERAL_NULL_CONVERSION = YES;
				CLANG_WARN_OBJC_IMPLICIT_RETAIN_SELF = YES;
				CLANG_WARN_OBJC_LITERAL_CONVERSION = YES;
				CLANG_WARN_OBJC_ROOT_CLASS = YES_ERROR;
				CLANG_WARN_RANGE_LOOP_ANALYSIS = YES;
				CLANG_WARN_STRICT_PROTOTYPES = YES;
				CLANG_WARN_SUSPICIOUS_MOVE = YES;
				CLANG_WARN_UNGUARDED_AVAILABILITY = YES_AGGRESSIVE;
				CLANG_WARN_UNREACHABLE_CODE = YES;
				CLANG_WARN__DUPLICATE_METHOD_MATCH = YES;
				CODE_SIGN_IDENTITY = "iPhone Developer";
				COPY_PHASE_STRIP = NO;
				DEBUG_INFORMATION_FORMAT = "dwarf-with-dsym";
				ENABLE_NS_ASSERTIONS = NO;
				ENABLE_STRICT_OBJC_MSGSEND = YES;
				GCC_C_LANGUAGE_STANDARD = gnu11;
				GCC_NO_COMMON_BLOCKS = YES;
				GCC_WARN_64_TO_32_BIT_CONVERSION = YES;
				GCC_WARN_ABOUT_RETURN_TYPE = YES_ERROR;
				GCC_WARN_UNDECLARED_SELECTOR = YES;
				GCC_WARN_UNINITIALIZED_AUTOS = YES_AGGRESSIVE;
				GCC_WARN_UNUSED_FUNCTION = YES;
				GCC_WARN_UNUSED_VARIABLE = YES;
				IPHONEOS_DEPLOYMENT_TARGET = 11.3;
				MTL_ENABLE_DEBUG_INFO = NO;
				SDKROOT = iphoneos;
				SWIFT_COMPILATION_MODE = wholemodule;
				SWIFT_OPTIMIZATION_LEVEL = "-O";
				VALIDATE_PRODUCT = YES;
			};
			name = Release;
		};
		8104BDEB208AB74B001CCD3A /* Debug */ = {
			isa = XCBuildConfiguration;
			buildSettings = {
				ASSETCATALOG_COMPILER_APPICON_NAME = AppIcon;
				CODE_SIGN_STYLE = Automatic;
				INFOPLIST_FILE = Login/Info.plist;
				LD_RUNPATH_SEARCH_PATHS = (
					"$(inherited)",
					"@executable_path/Frameworks",
				);
				PRODUCT_BUNDLE_IDENTIFIER = com.ioslab.Login;
				PRODUCT_NAME = "$(TARGET_NAME)";
				SWIFT_VERSION = 4.0;
				TARGETED_DEVICE_FAMILY = "1,2";
			};
			name = Debug;
		};
		8104BDEC208AB74B001CCD3A /* Release */ = {
			isa = XCBuildConfiguration;
			buildSettings = {
				ASSETCATALOG_COMPILER_APPICON_NAME = AppIcon;
				CODE_SIGN_STYLE = Automatic;
				INFOPLIST_FILE = Login/Info.plist;
				LD_RUNPATH_SEARCH_PATHS = (
					"$(inherited)",
					"@executable_path/Frameworks",
				);
				PRODUCT_BUNDLE_IDENTIFIER = com.ioslab.Login;
				PRODUCT_NAME = "$(TARGET_NAME)";
				SWIFT_VERSION = 4.0;
				TARGETED_DEVICE_FAMILY = "1,2";
			};
			name = Release;
		};
		8104BDEE208AB74B001CCD3A /* Debug */ = {
			isa = XCBuildConfiguration;
			buildSettings = {
				ALWAYS_EMBED_SWIFT_STANDARD_LIBRARIES = YES;
				BUNDLE_LOADER = "$(TEST_HOST)";
				CODE_SIGN_STYLE = Automatic;
				INFOPLIST_FILE = LoginTests/Info.plist;
				LD_RUNPATH_SEARCH_PATHS = (
					"$(inherited)",
					"@executable_path/Frameworks",
					"@loader_path/Frameworks",
				);
				PRODUCT_BUNDLE_IDENTIFIER = com.ioslab.LoginTests;
				PRODUCT_NAME = "$(TARGET_NAME)";
				SWIFT_VERSION = 4.0;
				TARGETED_DEVICE_FAMILY = "1,2";
				TEST_HOST = "$(BUILT_PRODUCTS_DIR)/Login.app/Login";
			};
			name = Debug;
		};
		8104BDEF208AB74B001CCD3A /* Release */ = {
			isa = XCBuildConfiguration;
			buildSettings = {
				ALWAYS_EMBED_SWIFT_STANDARD_LIBRARIES = YES;
				BUNDLE_LOADER = "$(TEST_HOST)";
				CODE_SIGN_STYLE = Automatic;
				INFOPLIST_FILE = LoginTests/Info.plist;
				LD_RUNPATH_SEARCH_PATHS = (
					"$(inherited)",
					"@executable_path/Frameworks",
					"@loader_path/Frameworks",
				);
				PRODUCT_BUNDLE_IDENTIFIER = com.ioslab.LoginTests;
				PRODUCT_NAME = "$(TARGET_NAME)";
				SWIFT_VERSION = 4.0;
				TARGETED_DEVICE_FAMILY = "1,2";
				TEST_HOST = "$(BUILT_PRODUCTS_DIR)/Login.app/Login";
			};
			name = Release;
		};
		8104BDF1208AB74B001CCD3A /* Debug */ = {
			isa = XCBuildConfiguration;
			buildSettings = {
				ALWAYS_EMBED_SWIFT_STANDARD_LIBRARIES = YES;
				CODE_SIGN_STYLE = Automatic;
				INFOPLIST_FILE = LoginUITests/Info.plist;
				LD_RUNPATH_SEARCH_PATHS = (
					"$(inherited)",
					"@executable_path/Frameworks",
					"@loader_path/Frameworks",
				);
				PRODUCT_BUNDLE_IDENTIFIER = com.ioslab.LoginUITests;
				PRODUCT_NAME = "$(TARGET_NAME)";
				SWIFT_VERSION = 4.0;
				TARGETED_DEVICE_FAMILY = "1,2";
				TEST_TARGET_NAME = Login;
			};
			name = Debug;
		};
		8104BDF2208AB74B001CCD3A /* Release */ = {
			isa = XCBuildConfiguration;
			buildSettings = {
				ALWAYS_EMBED_SWIFT_STANDARD_LIBRARIES = YES;
				CODE_SIGN_STYLE = Automatic;
				INFOPLIST_FILE = LoginUITests/Info.plist;
				LD_RUNPATH_SEARCH_PATHS = (
					"$(inherited)",
					"@executable_path/Frameworks",
					"@loader_path/Frameworks",
				);
				PRODUCT_BUNDLE_IDENTIFIER = com.ioslab.LoginUITests;
				PRODUCT_NAME = "$(TARGET_NAME)";
				SWIFT_VERSION = 4.0;
				TARGETED_DEVICE_FAMILY = "1,2";
				TEST_TARGET_NAME = Login;
			};
			name = Release;
		};
/* End XCBuildConfiguration section */

/* Begin XCConfigurationList section */
		8104BDBD208AB74A001CCD3A /* Build configuration list for PBXProject "Login" */ = {
			isa = XCConfigurationList;
			buildConfigurations = (
				8104BDE8208AB74B001CCD3A /* Debug */,
				8104BDE9208AB74B001CCD3A /* Release */,
			);
			defaultConfigurationIsVisible = 0;
			defaultConfigurationName = Release;
		};
		8104BDEA208AB74B001CCD3A /* Build configuration list for PBXNativeTarget "Login" */ = {
			isa = XCConfigurationList;
			buildConfigurations = (
				8104BDEB208AB74B001CCD3A /* Debug */,
				8104BDEC208AB74B001CCD3A /* Release */,
			);
			defaultConfigurationIsVisible = 0;
			defaultConfigurationName = Release;
		};
		8104BDED208AB74B001CCD3A /* Build configuration list for PBXNativeTarget "LoginTests" */ = {
			isa = XCConfigurationList;
			buildConfigurations = (
				8104BDEE208AB74B001CCD3A /* Debug */,
				8104BDEF208AB74B001CCD3A /* Release */,
			);
			defaultConfigurationIsVisible = 0;
			defaultConfigurationName = Release;
		};
		8104BDF0208AB74B001CCD3A /* Build configuration list for PBXNativeTarget "LoginUITests" */ = {
			isa = XCConfigurationList;
			buildConfigurations = (
				8104BDF1208AB74B001CCD3A /* Debug */,
				8104BDF2208AB74B001CCD3A /* Release */,
			);
			defaultConfigurationIsVisible = 0;
			defaultConfigurationName = Release;
		};
/* End XCConfigurationList section */
	};
	rootObject = 8104BDBA208AB74A001CCD3A /* Project object */;
}
